{
  "pins" : [
    {
      "identity" : "networkmanager",
      "kind" : "remoteSourceControl",
      "location" : "https://github.com/KalaiLingappan/NetworkManager.git",
      "state" : {
        "branch" : "master",
        "revision" : "7767e6c6c71f761e525898ea7c2dad08b19d9002"
      }
    },
    {
      "identity" : "sdwebimage",
      "kind" : "remoteSourceControl",
      "location" : "https://github.com/SDWebImage/SDWebImage.git",
      "state" : {
        "revision" : "59730af512c06fb569c119d737df4c1c499e001d",
        "version" : "5.18.10"
      }
    },
    {
      "identity" : "sdwebimageswiftui",
      "kind" : "remoteSourceControl",
      "location" : "https://github.com/SDWebImage/SDWebImageSwiftUI.git",
      "state" : {
        "revision" : "261b6cec35686d2dc192b809ab50742b4502a73b",
        "version" : "2.2.6"
      }
    }
  ],
  "version" : 2
}
