// !$*UTF8*$!
{
	archiveVersion = 1;
	classes = {
	};
	objectVersion = 56;
	objects = {

/* Begin PBXBuildFile section */
		A38C75422B5163F60075F2B0 /* SwiftUI_MVVM_CleanArchApp.swift in Sources */ = {isa = PBXBuildFile; fileRef = A38C75412B5163F60075F2B0 /* SwiftUI_MVVM_CleanArchApp.swift */; };
		A38C75462B5163F90075F2B0 /* Assets.xcassets in Resources */ = {isa = PBXBuildFile; fileRef = A38C75452B5163F90075F2B0 /* Assets.xcassets */; };
		A38C75492B5163F90075F2B0 /* Preview Assets.xcassets in Resources */ = {isa = PBXBuildFile; fileRef = A38C75482B5163F90075F2B0 /* Preview Assets.xcassets */; };
		A38C755D2B5163F90075F2B0 /* SwiftUI_MVVM_CleanArchUITests.swift in Sources */ = {isa = PBXBuildFile; fileRef = A38C755C2B5163F90075F2B0 /* SwiftUI_MVVM_CleanArchUITests.swift */; };
		A38C755F2B5163F90075F2B0 /* SwiftUI_MVVM_CleanArchUITestsLaunchTests.swift in Sources */ = {isa = PBXBuildFile; fileRef = A38C755E2B5163F90075F2B0 /* SwiftUI_MVVM_CleanArchUITestsLaunchTests.swift */; };
		A38C75882B5165870075F2B0 /* ListViewModel.swift in Sources */ = {isa = PBXBuildFile; fileRef = A38C756E2B5165860075F2B0 /* ListViewModel.swift */; };
		A38C75892B5165870075F2B0 /* Picture.swift in Sources */ = {isa = PBXBuildFile; fileRef = A38C75702B5165860075F2B0 /* Picture.swift */; };
		A38C758A2B5165870075F2B0 /* Property.swift in Sources */ = {isa = PBXBuildFile; fileRef = A38C75712B5165860075F2B0 /* Property.swift */; };
		A38C758B2B5165870075F2B0 /* ListDataModel.swift in Sources */ = {isa = PBXBuildFile; fileRef = A38C75722B5165860075F2B0 /* ListDataModel.swift */; };
		A38C758C2B5165870075F2B0 /* ListDataRequest.swift in Sources */ = {isa = PBXBuildFile; fileRef = A38C75732B5165860075F2B0 /* ListDataRequest.swift */; };
		A38C758D2B5165870075F2B0 /* ListView.swift in Sources */ = {isa = PBXBuildFile; fileRef = A38C75752B5165860075F2B0 /* ListView.swift */; };
		A38C758E2B5165870075F2B0 /* RowItem.swift in Sources */ = {isa = PBXBuildFile; fileRef = A38C75762B5165860075F2B0 /* RowItem.swift */; };
		A38C758F2B5165870075F2B0 /* SuccessView.swift in Sources */ = {isa = PBXBuildFile; fileRef = A38C75772B5165860075F2B0 /* SuccessView.swift */; };
		A38C75902B5165870075F2B0 /* AsyncImageView.swift in Sources */ = {isa = PBXBuildFile; fileRef = A38C75782B5165860075F2B0 /* AsyncImageView.swift */; };
		A38C75912B5165870075F2B0 /* ErrorView.swift in Sources */ = {isa = PBXBuildFile; fileRef = A38C75792B5165860075F2B0 /* ErrorView.swift */; };
		A38C75922B5165870075F2B0 /* PropertyUseCase.swift in Sources */ = {isa = PBXBuildFile; fileRef = A38C757B2B5165860075F2B0 /* PropertyUseCase.swift */; };
		A38C75952B5165870075F2B0 /* DetailView.swift in Sources */ = {isa = PBXBuildFile; fileRef = A38C75802B5165860075F2B0 /* DetailView.swift */; };
		A38C75962B5165870075F2B0 /* AmenitiesView.swift in Sources */ = {isa = PBXBuildFile; fileRef = A38C75812B5165860075F2B0 /* AmenitiesView.swift */; };
		A38C75972B5165870075F2B0 /* AddressView.swift in Sources */ = {isa = PBXBuildFile; fileRef = A38C75822B5165860075F2B0 /* AddressView.swift */; };
		A38C75982B5165870075F2B0 /* AppConstants.swift in Sources */ = {isa = PBXBuildFile; fileRef = A38C75842B5165860075F2B0 /* AppConstants.swift */; };
		A38C75992B5165870075F2B0 /* URLConstants.swift in Sources */ = {isa = PBXBuildFile; fileRef = A38C75852B5165860075F2B0 /* URLConstants.swift */; };
		A38C75A42B51784E0075F2B0 /* ListViewModelTests.swift in Sources */ = {isa = PBXBuildFile; fileRef = A38C75A22B51784E0075F2B0 /* ListViewModelTests.swift */; };
		A38C75A52B51784E0075F2B0 /* PropertyUseCaseTests.swift in Sources */ = {isa = PBXBuildFile; fileRef = A38C75A32B51784E0075F2B0 /* PropertyUseCaseTests.swift */; };
		A38C75A82B51793E0075F2B0 /* SDWebImageSwiftUI in Frameworks */ = {isa = PBXBuildFile; productRef = A38C75A72B51793E0075F2B0 /* SDWebImageSwiftUI */; };
		A38C75AA2B517C7A0075F2B0 /* SDWebImageSwiftUI in Frameworks */ = {isa = PBXBuildFile; productRef = A38C75A92B517C7A0075F2B0 /* SDWebImageSwiftUI */; };
		A38C75AC2B517FDD0075F2B0 /* ContentView.swift in Sources */ = {isa = PBXBuildFile; fileRef = A38C75AB2B517FDD0075F2B0 /* ContentView.swift */; };
		A38C75AF2B5184DD0075F2B0 /* NetworkManager in Frameworks */ = {isa = PBXBuildFile; productRef = A38C75AE2B5184DD0075F2B0 /* NetworkManager */; };
/* End PBXBuildFile section */

/* Begin PBXContainerItemProxy section */
		A38C754F2B5163F90075F2B0 /* PBXContainerItemProxy */ = {
			isa = PBXContainerItemProxy;
			containerPortal = A38C75362B5163F60075F2B0 /* Project object */;
			proxyType = 1;
			remoteGlobalIDString = A38C753D2B5163F60075F2B0;
			remoteInfo = SwiftUI_MVVM_CleanArch;
		};
		A38C75592B5163F90075F2B0 /* PBXContainerItemProxy */ = {
			isa = PBXContainerItemProxy;
			containerPortal = A38C75362B5163F60075F2B0 /* Project object */;
			proxyType = 1;
			remoteGlobalIDString = A38C753D2B5163F60075F2B0;
			remoteInfo = SwiftUI_MVVM_CleanArch;
		};
/* End PBXContainerItemProxy section */

/* Begin PBXFileReference section */
		A38C753E2B5163F60075F2B0 /* SwiftUI_MVVM_CleanArch.app */ = {isa = PBXFileReference; explicitFileType = wrapper.application; includeInIndex = 0; path = SwiftUI_MVVM_CleanArch.app; sourceTree = BUILT_PRODUCTS_DIR; };
		A38C75412B5163F60075F2B0 /* SwiftUI_MVVM_CleanArchApp.swift */ = {isa = PBXFileReference; lastKnownFileType = sourcecode.swift; path = SwiftUI_MVVM_CleanArchApp.swift; sourceTree = "<group>"; };
		A38C75452B5163F90075F2B0 /* Assets.xcassets */ = {isa = PBXFileReference; lastKnownFileType = folder.assetcatalog; path = Assets.xcassets; sourceTree = "<group>"; };
		A38C75482B5163F90075F2B0 /* Preview Assets.xcassets */ = {isa = PBXFileReference; lastKnownFileType = folder.assetcatalog; path = "Preview Assets.xcassets"; sourceTree = "<group>"; };
		A38C754E2B5163F90075F2B0 /* SwiftUI_MVVM_CleanArchTests.xctest */ = {isa = PBXFileReference; explicitFileType = wrapper.cfbundle; includeInIndex = 0; path = SwiftUI_MVVM_CleanArchTests.xctest; sourceTree = BUILT_PRODUCTS_DIR; };
		A38C75582B5163F90075F2B0 /* SwiftUI_MVVM_CleanArchUITests.xctest */ = {isa = PBXFileReference; explicitFileType = wrapper.cfbundle; includeInIndex = 0; path = SwiftUI_MVVM_CleanArchUITests.xctest; sourceTree = BUILT_PRODUCTS_DIR; };
		A38C755C2B5163F90075F2B0 /* SwiftUI_MVVM_CleanArchUITests.swift */ = {isa = PBXFileReference; lastKnownFileType = sourcecode.swift; path = SwiftUI_MVVM_CleanArchUITests.swift; sourceTree = "<group>"; };
		A38C755E2B5163F90075F2B0 /* SwiftUI_MVVM_CleanArchUITestsLaunchTests.swift */ = {isa = PBXFileReference; lastKnownFileType = sourcecode.swift; path = SwiftUI_MVVM_CleanArchUITestsLaunchTests.swift; sourceTree = "<group>"; };
		A38C756E2B5165860075F2B0 /* ListViewModel.swift */ = {isa = PBXFileReference; fileEncoding = 4; lastKnownFileType = sourcecode.swift; path = ListViewModel.swift; sourceTree = "<group>"; };
		A38C75702B5165860075F2B0 /* Picture.swift */ = {isa = PBXFileReference; fileEncoding = 4; lastKnownFileType = sourcecode.swift; path = Picture.swift; sourceTree = "<group>"; };
		A38C75712B5165860075F2B0 /* Property.swift */ = {isa = PBXFileReference; fileEncoding = 4; lastKnownFileType = sourcecode.swift; path = Property.swift; sourceTree = "<group>"; };
		A38C75722B5165860075F2B0 /* ListDataModel.swift */ = {isa = PBXFileReference; fileEncoding = 4; lastKnownFileType = sourcecode.swift; path = ListDataModel.swift; sourceTree = "<group>"; };
		A38C75732B5165860075F2B0 /* ListDataRequest.swift */ = {isa = PBXFileReference; fileEncoding = 4; lastKnownFileType = sourcecode.swift; path = ListDataRequest.swift; sourceTree = "<group>"; };
		A38C75752B5165860075F2B0 /* ListView.swift */ = {isa = PBXFileReference; fileEncoding = 4; lastKnownFileType = sourcecode.swift; path = ListView.swift; sourceTree = "<group>"; };
		A38C75762B5165860075F2B0 /* RowItem.swift */ = {isa = PBXFileReference; fileEncoding = 4; lastKnownFileType = sourcecode.swift; path = RowItem.swift; sourceTree = "<group>"; };
		A38C75772B5165860075F2B0 /* SuccessView.swift */ = {isa = PBXFileReference; fileEncoding = 4; lastKnownFileType = sourcecode.swift; path = SuccessView.swift; sourceTree = "<group>"; };
		A38C75782B5165860075F2B0 /* AsyncImageView.swift */ = {isa = PBXFileReference; fileEncoding = 4; lastKnownFileType = sourcecode.swift; path = AsyncImageView.swift; sourceTree = "<group>"; };
		A38C75792B5165860075F2B0 /* ErrorView.swift */ = {isa = PBXFileReference; fileEncoding = 4; lastKnownFileType = sourcecode.swift; path = ErrorView.swift; sourceTree = "<group>"; };
		A38C757B2B5165860075F2B0 /* PropertyUseCase.swift */ = {isa = PBXFileReference; fileEncoding = 4; lastKnownFileType = sourcecode.swift; path = PropertyUseCase.swift; sourceTree = "<group>"; };
		A38C75802B5165860075F2B0 /* DetailView.swift */ = {isa = PBXFileReference; fileEncoding = 4; lastKnownFileType = sourcecode.swift; path = DetailView.swift; sourceTree = "<group>"; };
		A38C75812B5165860075F2B0 /* AmenitiesView.swift */ = {isa = PBXFileReference; fileEncoding = 4; lastKnownFileType = sourcecode.swift; path = AmenitiesView.swift; sourceTree = "<group>"; };
		A38C75822B5165860075F2B0 /* AddressView.swift */ = {isa = PBXFileReference; fileEncoding = 4; lastKnownFileType = sourcecode.swift; path = AddressView.swift; sourceTree = "<group>"; };
		A38C75842B5165860075F2B0 /* AppConstants.swift */ = {isa = PBXFileReference; fileEncoding = 4; lastKnownFileType = sourcecode.swift; path = AppConstants.swift; sourceTree = "<group>"; };
		A38C75852B5165860075F2B0 /* URLConstants.swift */ = {isa = PBXFileReference; fileEncoding = 4; lastKnownFileType = sourcecode.swift; path = URLConstants.swift; sourceTree = "<group>"; };
		A38C75A22B51784E0075F2B0 /* ListViewModelTests.swift */ = {isa = PBXFileReference; fileEncoding = 4; lastKnownFileType = sourcecode.swift; path = ListViewModelTests.swift; sourceTree = "<group>"; };
		A38C75A32B51784E0075F2B0 /* PropertyUseCaseTests.swift */ = {isa = PBXFileReference; fileEncoding = 4; lastKnownFileType = sourcecode.swift; path = PropertyUseCaseTests.swift; sourceTree = "<group>"; };
		A38C75AB2B517FDD0075F2B0 /* ContentView.swift */ = {isa = PBXFileReference; fileEncoding = 4; lastKnownFileType = sourcecode.swift; path = ContentView.swift; sourceTree = "<group>"; };
/* End PBXFileReference section */

/* Begin PBXFrameworksBuildPhase section */
		A38C753B2B5163F60075F2B0 /* Frameworks */ = {
			isa = PBXFrameworksBuildPhase;
			buildActionMask = 2147483647;
			files = (
				A38C75A82B51793E0075F2B0 /* SDWebImageSwiftUI in Frameworks */,
				A38C75AF2B5184DD0075F2B0 /* NetworkManager in Frameworks */,
			);
			runOnlyForDeploymentPostprocessing = 0;
		};
		A38C754B2B5163F90075F2B0 /* Frameworks */ = {
			isa = PBXFrameworksBuildPhase;
			buildActionMask = 2147483647;
			files = (
				A38C75AA2B517C7A0075F2B0 /* SDWebImageSwiftUI in Frameworks */,
			);
			runOnlyForDeploymentPostprocessing = 0;
		};
		A38C75552B5163F90075F2B0 /* Frameworks */ = {
			isa = PBXFrameworksBuildPhase;
			buildActionMask = 2147483647;
			files = (
			);
			runOnlyForDeploymentPostprocessing = 0;
		};
/* End PBXFrameworksBuildPhase section */

/* Begin PBXGroup section */
		A38C75352B5163F60075F2B0 = {
			isa = PBXGroup;
			children = (
				A38C75402B5163F60075F2B0 /* SwiftUI_MVVM_CleanArch */,
				A38C75512B5163F90075F2B0 /* SwiftUI_MVVM_CleanArchTests */,
				A38C755B2B5163F90075F2B0 /* SwiftUI_MVVM_CleanArchUITests */,
				A38C753F2B5163F60075F2B0 /* Products */,
				A38C759F2B5178150075F2B0 /* Frameworks */,
			);
			sourceTree = "<group>";
		};
		A38C753F2B5163F60075F2B0 /* Products */ = {
			isa = PBXGroup;
			children = (
				A38C753E2B5163F60075F2B0 /* SwiftUI_MVVM_CleanArch.app */,
				A38C754E2B5163F90075F2B0 /* SwiftUI_MVVM_CleanArchTests.xctest */,
				A38C75582B5163F90075F2B0 /* SwiftUI_MVVM_CleanArchUITests.xctest */,
			);
			name = Products;
			sourceTree = "<group>";
		};
		A38C75402B5163F60075F2B0 /* SwiftUI_MVVM_CleanArch */ = {
			isa = PBXGroup;
			children = (
				A38C75412B5163F60075F2B0 /* SwiftUI_MVVM_CleanArchApp.swift */,
				A38C75AB2B517FDD0075F2B0 /* ContentView.swift */,
				A38C75452B5163F90075F2B0 /* Assets.xcassets */,
				A38C75832B5165860075F2B0 /* Constants */,
				A38C757E2B5165860075F2B0 /* DetailView */,
				A38C756C2B5165860075F2B0 /* ListView */,
				A38C75472B5163F90075F2B0 /* Preview Content */,
			);
			path = SwiftUI_MVVM_CleanArch;
			sourceTree = "<group>";
		};
		A38C75472B5163F90075F2B0 /* Preview Content */ = {
			isa = PBXGroup;
			children = (
				A38C75482B5163F90075F2B0 /* Preview Assets.xcassets */,
			);
			path = "Preview Content";
			sourceTree = "<group>";
		};
		A38C75512B5163F90075F2B0 /* SwiftUI_MVVM_CleanArchTests */ = {
			isa = PBXGroup;
			children = (
				A38C75A22B51784E0075F2B0 /* ListViewModelTests.swift */,
				A38C75A32B51784E0075F2B0 /* PropertyUseCaseTests.swift */,
			);
			path = SwiftUI_MVVM_CleanArchTests;
			sourceTree = "<group>";
		};
		A38C755B2B5163F90075F2B0 /* SwiftUI_MVVM_CleanArchUITests */ = {
			isa = PBXGroup;
			children = (
				A38C755C2B5163F90075F2B0 /* SwiftUI_MVVM_CleanArchUITests.swift */,
				A38C755E2B5163F90075F2B0 /* SwiftUI_MVVM_CleanArchUITestsLaunchTests.swift */,
			);
			path = SwiftUI_MVVM_CleanArchUITests;
			sourceTree = "<group>";
		};
		A38C756C2B5165860075F2B0 /* ListView */ = {
			isa = PBXGroup;
			children = (
				A38C756D2B5165860075F2B0 /* ViewModel */,
				A38C756F2B5165860075F2B0 /* Model */,
				A38C75742B5165860075F2B0 /* View */,
				A38C757A2B5165860075F2B0 /* Interactor */,
			);
			path = ListView;
			sourceTree = "<group>";
		};
		A38C756D2B5165860075F2B0 /* ViewModel */ = {
			isa = PBXGroup;
			children = (
				A38C756E2B5165860075F2B0 /* ListViewModel.swift */,
			);
			path = ViewModel;
			sourceTree = "<group>";
		};
		A38C756F2B5165860075F2B0 /* Model */ = {
			isa = PBXGroup;
			children = (
				A38C75702B5165860075F2B0 /* Picture.swift */,
				A38C75712B5165860075F2B0 /* Property.swift */,
				A38C75722B5165860075F2B0 /* ListDataModel.swift */,
				A38C75732B5165860075F2B0 /* ListDataRequest.swift */,
			);
			path = Model;
			sourceTree = "<group>";
		};
		A38C75742B5165860075F2B0 /* View */ = {
			isa = PBXGroup;
			children = (
				A38C75752B5165860075F2B0 /* ListView.swift */,
				A38C75762B5165860075F2B0 /* RowItem.swift */,
				A38C75772B5165860075F2B0 /* SuccessView.swift */,
				A38C75782B5165860075F2B0 /* AsyncImageView.swift */,
				A38C75792B5165860075F2B0 /* ErrorView.swift */,
			);
			path = View;
			sourceTree = "<group>";
		};
		A38C757A2B5165860075F2B0 /* Interactor */ = {
			isa = PBXGroup;
			children = (
				A38C757B2B5165860075F2B0 /* PropertyUseCase.swift */,
			);
			path = Interactor;
			sourceTree = "<group>";
		};
		A38C757E2B5165860075F2B0 /* DetailView */ = {
			isa = PBXGroup;
			children = (
				A38C757F2B5165860075F2B0 /* View */,
			);
			path = DetailView;
			sourceTree = "<group>";
		};
		A38C757F2B5165860075F2B0 /* View */ = {
			isa = PBXGroup;
			children = (
				A38C75802B5165860075F2B0 /* DetailView.swift */,
				A38C75812B5165860075F2B0 /* AmenitiesView.swift */,
				A38C75822B5165860075F2B0 /* AddressView.swift */,
			);
			path = View;
			sourceTree = "<group>";
		};
		A38C75832B5165860075F2B0 /* Constants */ = {
			isa = PBXGroup;
			children = (
				A38C75842B5165860075F2B0 /* AppConstants.swift */,
				A38C75852B5165860075F2B0 /* URLConstants.swift */,
			);
			path = Constants;
			sourceTree = "<group>";
		};
		A38C759F2B5178150075F2B0 /* Frameworks */ = {
			isa = PBXGroup;
			children = (
			);
			name = Frameworks;
			sourceTree = "<group>";
		};
/* End PBXGroup section */

/* Begin PBXNativeTarget section */
		A38C753D2B5163F60075F2B0 /* SwiftUI_MVVM_CleanArch */ = {
			isa = PBXNativeTarget;
			buildConfigurationList = A38C75622B5163F90075F2B0 /* Build configuration list for PBXNativeTarget "SwiftUI_MVVM_CleanArch" */;
			buildPhases = (
				A38C753A2B5163F60075F2B0 /* Sources */,
				A38C753B2B5163F60075F2B0 /* Frameworks */,
				A38C753C2B5163F60075F2B0 /* Resources */,
			);
			buildRules = (
			);
			dependencies = (
			);
			name = SwiftUI_MVVM_CleanArch;
			packageProductDependencies = (
				A38C75A72B51793E0075F2B0 /* SDWebImageSwiftUI */,
				A38C75AE2B5184DD0075F2B0 /* NetworkManager */,
			);
			productName = SwiftUI_MVVM_CleanArch;
			productReference = A38C753E2B5163F60075F2B0 /* SwiftUI_MVVM_CleanArch.app */;
			productType = "com.apple.product-type.application";
		};
		A38C754D2B5163F90075F2B0 /* SwiftUI_MVVM_CleanArchTests */ = {
			isa = PBXNativeTarget;
			buildConfigurationList = A38C75652B5163F90075F2B0 /* Build configuration list for PBXNativeTarget "SwiftUI_MVVM_CleanArchTests" */;
			buildPhases = (
				A38C754A2B5163F90075F2B0 /* Sources */,
				A38C754B2B5163F90075F2B0 /* Frameworks */,
				A38C754C2B5163F90075F2B0 /* Resources */,
			);
			buildRules = (
			);
			dependencies = (
				A38C75502B5163F90075F2B0 /* PBXTargetDependency */,
			);
			name = SwiftUI_MVVM_CleanArchTests;
			packageProductDependencies = (
				A38C75A92B517C7A0075F2B0 /* SDWebImageSwiftUI */,
			);
			productName = SwiftUI_MVVM_CleanArchTests;
			productReference = A38C754E2B5163F90075F2B0 /* SwiftUI_MVVM_CleanArchTests.xctest */;
			productType = "com.apple.product-type.bundle.unit-test";
		};
		A38C75572B5163F90075F2B0 /* SwiftUI_MVVM_CleanArchUITests */ = {
			isa = PBXNativeTarget;
			buildConfigurationList = A38C75682B5163F90075F2B0 /* Build configuration list for PBXNativeTarget "SwiftUI_MVVM_CleanArchUITests" */;
			buildPhases = (
				A38C75542B5163F90075F2B0 /* Sources */,
				A38C75552B5163F90075F2B0 /* Frameworks */,
				A38C75562B5163F90075F2B0 /* Resources */,
			);
			buildRules = (
			);
			dependencies = (
				A38C755A2B5163F90075F2B0 /* PBXTargetDependency */,
			);
			name = SwiftUI_MVVM_CleanArchUITests;
			productName = SwiftUI_MVVM_CleanArchUITests;
			productReference = A38C75582B5163F90075F2B0 /* SwiftUI_MVVM_CleanArchUITests.xctest */;
			productType = "com.apple.product-type.bundle.ui-testing";
		};
/* End PBXNativeTarget section */

/* Begin PBXProject section */
		A38C75362B5163F60075F2B0 /* Project object */ = {
			isa = PBXProject;
			attributes = {
				BuildIndependentTargetsInParallel = 1;
				LastSwiftUpdateCheck = 1430;
				LastUpgradeCheck = 1430;
				TargetAttributes = {
					A38C753D2B5163F60075F2B0 = {
						CreatedOnToolsVersion = 14.3.1;
					};
					A38C754D2B5163F90075F2B0 = {
						CreatedOnToolsVersion = 14.3.1;
						LastSwiftMigration = 1430;
						TestTargetID = A38C753D2B5163F60075F2B0;
					};
					A38C75572B5163F90075F2B0 = {
						CreatedOnToolsVersion = 14.3.1;
						TestTargetID = A38C753D2B5163F60075F2B0;
					};
				};
			};
			buildConfigurationList = A38C75392B5163F60075F2B0 /* Build configuration list for PBXProject "SwiftUI_MVVM_CleanArch" */;
			compatibilityVersion = "Xcode 14.0";
			developmentRegion = en;
			hasScannedForEncodings = 0;
			knownRegions = (
				en,
				Base,
			);
			mainGroup = A38C75352B5163F60075F2B0;
			packageReferences = (
				A38C75A62B51793E0075F2B0 /* XCRemoteSwiftPackageReference "SDWebImageSwiftUI" */,
				A38C75AD2B5184DD0075F2B0 /* XCRemoteSwiftPackageReference "NetworkManager" */,
			);
			productRefGroup = A38C753F2B5163F60075F2B0 /* Products */;
			projectDirPath = "";
			projectRoot = "";
			targets = (
				A38C753D2B5163F60075F2B0 /* SwiftUI_MVVM_CleanArch */,
				A38C754D2B5163F90075F2B0 /* SwiftUI_MVVM_CleanArchTests */,
				A38C75572B5163F90075F2B0 /* SwiftUI_MVVM_CleanArchUITests */,
			);
		};
/* End PBXProject section */

/* Begin PBXResourcesBuildPhase section */
		A38C753C2B5163F60075F2B0 /* Resources */ = {
			isa = PBXResourcesBuildPhase;
			buildActionMask = 2147483647;
			files = (
				A38C75492B5163F90075F2B0 /* Preview Assets.xcassets in Resources */,
				A38C75462B5163F90075F2B0 /* Assets.xcassets in Resources */,
			);
			runOnlyForDeploymentPostprocessing = 0;
		};
		A38C754C2B5163F90075F2B0 /* Resources */ = {
			isa = PBXResourcesBuildPhase;
			buildActionMask = 2147483647;
			files = (
			);
			runOnlyForDeploymentPostprocessing = 0;
		};
		A38C75562B5163F90075F2B0 /* Resources */ = {
			isa = PBXResourcesBuildPhase;
			buildActionMask = 2147483647;
			files = (
			);
			runOnlyForDeploymentPostprocessing = 0;
		};
/* End PBXResourcesBuildPhase section */

/* Begin PBXSourcesBuildPhase section */
		A38C753A2B5163F60075F2B0 /* Sources */ = {
			isa = PBXSourcesBuildPhase;
			buildActionMask = 2147483647;
			files = (
				A38C758D2B5165870075F2B0 /* ListView.swift in Sources */,
				A38C75982B5165870075F2B0 /* AppConstants.swift in Sources */,
				A38C758A2B5165870075F2B0 /* Property.swift in Sources */,
				A38C758F2B5165870075F2B0 /* SuccessView.swift in Sources */,
				A38C75922B5165870075F2B0 /* PropertyUseCase.swift in Sources */,
				A38C75892B5165870075F2B0 /* Picture.swift in Sources */,
				A38C758C2B5165870075F2B0 /* ListDataRequest.swift in Sources */,
				A38C75902B5165870075F2B0 /* AsyncImageView.swift in Sources */,
				A38C75AC2B517FDD0075F2B0 /* ContentView.swift in Sources */,
				A38C75962B5165870075F2B0 /* AmenitiesView.swift in Sources */,
				A38C75912B5165870075F2B0 /* ErrorView.swift in Sources */,
				A38C75992B5165870075F2B0 /* URLConstants.swift in Sources */,
				A38C758E2B5165870075F2B0 /* RowItem.swift in Sources */,
				A38C758B2B5165870075F2B0 /* ListDataModel.swift in Sources */,
				A38C75422B5163F60075F2B0 /* SwiftUI_MVVM_CleanArchApp.swift in Sources */,
				A38C75972B5165870075F2B0 /* AddressView.swift in Sources */,
				A38C75952B5165870075F2B0 /* DetailView.swift in Sources */,
				A38C75882B5165870075F2B0 /* ListViewModel.swift in Sources */,
			);
			runOnlyForDeploymentPostprocessing = 0;
		};
		A38C754A2B5163F90075F2B0 /* Sources */ = {
			isa = PBXSourcesBuildPhase;
			buildActionMask = 2147483647;
			files = (
				A38C75A52B51784E0075F2B0 /* PropertyUseCaseTests.swift in Sources */,
				A38C75A42B51784E0075F2B0 /* ListViewModelTests.swift in Sources */,
			);
			runOnlyForDeploymentPostprocessing = 0;
		};
		A38C75542B5163F90075F2B0 /* Sources */ = {
			isa = PBXSourcesBuildPhase;
			buildActionMask = 2147483647;
			files = (
				A38C755F2B5163F90075F2B0 /* SwiftUI_MVVM_CleanArchUITestsLaunchTests.swift in Sources */,
				A38C755D2B5163F90075F2B0 /* SwiftUI_MVVM_CleanArchUITests.swift in Sources */,
			);
			runOnlyForDeploymentPostprocessing = 0;
		};
/* End PBXSourcesBuildPhase section */

/* Begin PBXTargetDependency section */
		A38C75502B5163F90075F2B0 /* PBXTargetDependency */ = {
			isa = PBXTargetDependency;
			target = A38C753D2B5163F60075F2B0 /* SwiftUI_MVVM_CleanArch */;
			targetProxy = A38C754F2B5163F90075F2B0 /* PBXContainerItemProxy */;
		};
		A38C755A2B5163F90075F2B0 /* PBXTargetDependency */ = {
			isa = PBXTargetDependency;
			target = A38C753D2B5163F60075F2B0 /* SwiftUI_MVVM_CleanArch */;
			targetProxy = A38C75592B5163F90075F2B0 /* PBXContainerItemProxy */;
		};
/* End PBXTargetDependency section */

/* Begin XCBuildConfiguration section */
		A38C75602B5163F90075F2B0 /* Debug */ = {
			isa = XCBuildConfiguration;
			buildSettings = {
				ALWAYS_SEARCH_USER_PATHS = NO;
				CLANG_ANALYZER_NONNULL = YES;
				CLANG_ANALYZER_NUMBER_OBJECT_CONVERSION = YES_AGGRESSIVE;
				CLANG_CXX_LANGUAGE_STANDARD = "gnu++20";
				CLANG_ENABLE_MODULES = YES;
				CLANG_ENABLE_OBJC_ARC = YES;
				CLANG_ENABLE_OBJC_WEAK = YES;
				CLANG_WARN_BLOCK_CAPTURE_AUTORELEASING = YES;
				CLANG_WARN_BOOL_CONVERSION = YES;
				CLANG_WARN_COMMA = YES;
				CLANG_WARN_CONSTANT_CONVERSION = YES;
				CLANG_WARN_DEPRECATED_OBJC_IMPLEMENTATIONS = YES;
				CLANG_WARN_DIRECT_OBJC_ISA_USAGE = YES_ERROR;
				CLANG_WARN_DOCUMENTATION_COMMENTS = YES;
				CLANG_WARN_EMPTY_BODY = YES;
				CLANG_WARN_ENUM_CONVERSION = YES;
				CLANG_WARN_INFINITE_RECURSION = YES;
				CLANG_WARN_INT_CONVERSION = YES;
				CLANG_WARN_NON_LITERAL_NULL_CONVERSION = YES;
				CLANG_WARN_OBJC_IMPLICIT_RETAIN_SELF = YES;
				CLANG_WARN_OBJC_LITERAL_CONVERSION = YES;
				CLANG_WARN_OBJC_ROOT_CLASS = YES_ERROR;
				CLANG_WARN_QUOTED_INCLUDE_IN_FRAMEWORK_HEADER = YES;
				CLANG_WARN_RANGE_LOOP_ANALYSIS = YES;
				CLANG_WARN_STRICT_PROTOTYPES = YES;
				CLANG_WARN_SUSPICIOUS_MOVE = YES;
				CLANG_WARN_UNGUARDED_AVAILABILITY = YES_AGGRESSIVE;
				CLANG_WARN_UNREACHABLE_CODE = YES;
				CLANG_WARN__DUPLICATE_METHOD_MATCH = YES;
				COPY_PHASE_STRIP = NO;
				DEBUG_INFORMATION_FORMAT = dwarf;
				ENABLE_STRICT_OBJC_MSGSEND = YES;
				ENABLE_TESTABILITY = YES;
				GCC_C_LANGUAGE_STANDARD = gnu11;
				GCC_DYNAMIC_NO_PIC = NO;
				GCC_NO_COMMON_BLOCKS = YES;
				GCC_OPTIMIZATION_LEVEL = 0;
				GCC_PREPROCESSOR_DEFINITIONS = (
					"DEBUG=1",
					"$(inherited)",
				);
				GCC_WARN_64_TO_32_BIT_CONVERSION = YES;
				GCC_WARN_ABOUT_RETURN_TYPE = YES_ERROR;
				GCC_WARN_UNDECLARED_SELECTOR = YES;
				GCC_WARN_UNINITIALIZED_AUTOS = YES_AGGRESSIVE;
				GCC_WARN_UNUSED_FUNCTION = YES;
				GCC_WARN_UNUSED_VARIABLE = YES;
				IPHONEOS_DEPLOYMENT_TARGET = 16.4;
				MTL_ENABLE_DEBUG_INFO = INCLUDE_SOURCE;
				MTL_FAST_MATH = YES;
				ONLY_ACTIVE_ARCH = YES;
				SDKROOT = iphoneos;
				SWIFT_ACTIVE_COMPILATION_CONDITIONS = DEBUG;
				SWIFT_OPTIMIZATION_LEVEL = "-Onone";
			};
			name = Debug;
		};
		A38C75612B5163F90075F2B0 /* Release */ = {
			isa = XCBuildConfiguration;
			buildSettings = {
				ALWAYS_SEARCH_USER_PATHS = NO;
				CLANG_ANALYZER_NONNULL = YES;
				CLANG_ANALYZER_NUMBER_OBJECT_CONVERSION = YES_AGGRESSIVE;
				CLANG_CXX_LANGUAGE_STANDARD = "gnu++20";
				CLANG_ENABLE_MODULES = YES;
				CLANG_ENABLE_OBJC_ARC = YES;
				CLANG_ENABLE_OBJC_WEAK = YES;
				CLANG_WARN_BLOCK_CAPTURE_AUTORELEASING = YES;
				CLANG_WARN_BOOL_CONVERSION = YES;
				CLANG_WARN_COMMA = YES;
				CLANG_WARN_CONSTANT_CONVERSION = YES;
				CLANG_WARN_DEPRECATED_OBJC_IMPLEMENTATIONS = YES;
				CLANG_WARN_DIRECT_OBJC_ISA_USAGE = YES_ERROR;
				CLANG_WARN_DOCUMENTATION_COMMENTS = YES;
				CLANG_WARN_EMPTY_BODY = YES;
				CLANG_WARN_ENUM_CONVERSION = YES;
				CLANG_WARN_INFINITE_RECURSION = YES;
				CLANG_WARN_INT_CONVERSION = YES;
				CLANG_WARN_NON_LITERAL_NULL_CONVERSION = YES;
				CLANG_WARN_OBJC_IMPLICIT_RETAIN_SELF = YES;
				CLANG_WARN_OBJC_LITERAL_CONVERSION = YES;
				CLANG_WARN_OBJC_ROOT_CLASS = YES_ERROR;
				CLANG_WARN_QUOTED_INCLUDE_IN_FRAMEWORK_HEADER = YES;
				CLANG_WARN_RANGE_LOOP_ANALYSIS = YES;
				CLANG_WARN_STRICT_PROTOTYPES = YES;
				CLANG_WARN_SUSPICIOUS_MOVE = YES;
				CLANG_WARN_UNGUARDED_AVAILABILITY = YES_AGGRESSIVE;
				CLANG_WARN_UNREACHABLE_CODE = YES;
				CLANG_WARN__DUPLICATE_METHOD_MATCH = YES;
				COPY_PHASE_STRIP = NO;
				DEBUG_INFORMATION_FORMAT = "dwarf-with-dsym";
				ENABLE_NS_ASSERTIONS = NO;
				ENABLE_STRICT_OBJC_MSGSEND = YES;
				GCC_C_LANGUAGE_STANDARD = gnu11;
				GCC_NO_COMMON_BLOCKS = YES;
				GCC_WARN_64_TO_32_BIT_CONVERSION = YES;
				GCC_WARN_ABOUT_RETURN_TYPE = YES_ERROR;
				GCC_WARN_UNDECLARED_SELECTOR = YES;
				GCC_WARN_UNINITIALIZED_AUTOS = YES_AGGRESSIVE;
				GCC_WARN_UNUSED_FUNCTION = YES;
				GCC_WARN_UNUSED_VARIABLE = YES;
				IPHONEOS_DEPLOYMENT_TARGET = 16.4;
				MTL_ENABLE_DEBUG_INFO = NO;
				MTL_FAST_MATH = YES;
				SDKROOT = iphoneos;
				SWIFT_COMPILATION_MODE = wholemodule;
				SWIFT_OPTIMIZATION_LEVEL = "-O";
				VALIDATE_PRODUCT = YES;
			};
			name = Release;
		};
		A38C75632B5163F90075F2B0 /* Debug */ = {
			isa = XCBuildConfiguration;
			buildSettings = {
				ASSETCATALOG_COMPILER_APPICON_NAME = AppIcon;
				ASSETCATALOG_COMPILER_GLOBAL_ACCENT_COLOR_NAME = AccentColor;
				CODE_SIGN_STYLE = Automatic;
				CURRENT_PROJECT_VERSION = 1;
				DEVELOPMENT_ASSET_PATHS = "\"SwiftUI_MVVM_CleanArch/Preview Content\"";
				ENABLE_PREVIEWS = YES;
				GENERATE_INFOPLIST_FILE = YES;
				INFOPLIST_KEY_UIApplicationSceneManifest_Generation = YES;
				INFOPLIST_KEY_UIApplicationSupportsIndirectInputEvents = YES;
				INFOPLIST_KEY_UILaunchScreen_Generation = YES;
				INFOPLIST_KEY_UISupportedInterfaceOrientations_iPad = "UIInterfaceOrientationPortrait UIInterfaceOrientationPortraitUpsideDown UIInterfaceOrientationLandscapeLeft UIInterfaceOrientationLandscapeRight";
				INFOPLIST_KEY_UISupportedInterfaceOrientations_iPhone = "UIInterfaceOrientationPortrait UIInterfaceOrientationLandscapeLeft UIInterfaceOrientationLandscapeRight";
				LD_RUNPATH_SEARCH_PATHS = (
					"$(inherited)",
					"@executable_path/Frameworks",
				);
				MARKETING_VERSION = 1.0;
				PRODUCT_BUNDLE_IDENTIFIER = "com.pasteboard.SwiftUI-MVVM-CleanArch";
				PRODUCT_NAME = "$(TARGET_NAME)";
				SWIFT_EMIT_LOC_STRINGS = YES;
				SWIFT_VERSION = 5.0;
				TARGETED_DEVICE_FAMILY = "1,2";
			};
			name = Debug;
		};
		A38C75642B5163F90075F2B0 /* Release */ = {
			isa = XCBuildConfiguration;
			buildSettings = {
				ASSETCATALOG_COMPILER_APPICON_NAME = AppIcon;
				ASSETCATALOG_COMPILER_GLOBAL_ACCENT_COLOR_NAME = AccentColor;
				CODE_SIGN_STYLE = Automatic;
				CURRENT_PROJECT_VERSION = 1;
				DEVELOPMENT_ASSET_PATHS = "\"SwiftUI_MVVM_CleanArch/Preview Content\"";
				ENABLE_PREVIEWS = YES;
				GENERATE_INFOPLIST_FILE = YES;
				INFOPLIST_KEY_UIApplicationSceneManifest_Generation = YES;
				INFOPLIST_KEY_UIApplicationSupportsIndirectInputEvents = YES;
				INFOPLIST_KEY_UILaunchScreen_Generation = YES;
				INFOPLIST_KEY_UISupportedInterfaceOrientations_iPad = "UIInterfaceOrientationPortrait UIInterfaceOrientationPortraitUpsideDown UIInterfaceOrientationLandscapeLeft UIInterfaceOrientationLandscapeRight";
				INFOPLIST_KEY_UISupportedInterfaceOrientations_iPhone = "UIInterfaceOrientationPortrait UIInterfaceOrientationLandscapeLeft UIInterfaceOrientationLandscapeRight";
				LD_RUNPATH_SEARCH_PATHS = (
					"$(inherited)",
					"@executable_path/Frameworks",
				);
				MARKETING_VERSION = 1.0;
				PRODUCT_BUNDLE_IDENTIFIER = "com.pasteboard.SwiftUI-MVVM-CleanArch";
				PRODUCT_NAME = "$(TARGET_NAME)";
				SWIFT_EMIT_LOC_STRINGS = YES;
				SWIFT_VERSION = 5.0;
				TARGETED_DEVICE_FAMILY = "1,2";
			};
			name = Release;
		};
		A38C75662B5163F90075F2B0 /* Debug */ = {
			isa = XCBuildConfiguration;
			buildSettings = {
				ALWAYS_EMBED_SWIFT_STANDARD_LIBRARIES = YES;
				BUNDLE_LOADER = "$(TEST_HOST)";
				CLANG_ENABLE_MODULES = YES;
				CODE_SIGN_STYLE = Automatic;
				CURRENT_PROJECT_VERSION = 1;
				GENERATE_INFOPLIST_FILE = YES;
				IPHONEOS_DEPLOYMENT_TARGET = 16.4;
				MARKETING_VERSION = 1.0;
				PRODUCT_BUNDLE_IDENTIFIER = "com.pasteboard.SwiftUI-MVVM-CleanArchTests";
				PRODUCT_NAME = "$(TARGET_NAME)";
				SWIFT_EMIT_LOC_STRINGS = NO;
				SWIFT_OPTIMIZATION_LEVEL = "-Onone";
				SWIFT_VERSION = 5.0;
				TARGETED_DEVICE_FAMILY = "1,2";
				TEST_HOST = "$(BUILT_PRODUCTS_DIR)/SwiftUI_MVVM_CleanArch.app/$(BUNDLE_EXECUTABLE_FOLDER_PATH)/SwiftUI_MVVM_CleanArch";
			};
			name = Debug;
		};
		A38C75672B5163F90075F2B0 /* Release */ = {
			isa = XCBuildConfiguration;
			buildSettings = {
				ALWAYS_EMBED_SWIFT_STANDARD_LIBRARIES = YES;
				BUNDLE_LOADER = "$(TEST_HOST)";
				CLANG_ENABLE_MODULES = YES;
				CODE_SIGN_STYLE = Automatic;
				CURRENT_PROJECT_VERSION = 1;
				GENERATE_INFOPLIST_FILE = YES;
				IPHONEOS_DEPLOYMENT_TARGET = 16.4;
				MARKETING_VERSION = 1.0;
				PRODUCT_BUNDLE_IDENTIFIER = "com.pasteboard.SwiftUI-MVVM-CleanArchTests";
				PRODUCT_NAME = "$(TARGET_NAME)";
				SWIFT_EMIT_LOC_STRINGS = NO;
				SWIFT_VERSION = 5.0;
				TARGETED_DEVICE_FAMILY = "1,2";
				TEST_HOST = "$(BUILT_PRODUCTS_DIR)/SwiftUI_MVVM_CleanArch.app/$(BUNDLE_EXECUTABLE_FOLDER_PATH)/SwiftUI_MVVM_CleanArch";
			};
			name = Release;
		};
		A38C75692B5163F90075F2B0 /* Debug */ = {
			isa = XCBuildConfiguration;
			buildSettings = {
				ALWAYS_EMBED_SWIFT_STANDARD_LIBRARIES = YES;
				CODE_SIGN_STYLE = Automatic;
				CURRENT_PROJECT_VERSION = 1;
				GENERATE_INFOPLIST_FILE = YES;
				MARKETING_VERSION = 1.0;
				PRODUCT_BUNDLE_IDENTIFIER = "com.pasteboard.SwiftUI-MVVM-CleanArchUITests";
				PRODUCT_NAME = "$(TARGET_NAME)";
				SWIFT_EMIT_LOC_STRINGS = NO;
				SWIFT_VERSION = 5.0;
				TARGETED_DEVICE_FAMILY = "1,2";
				TEST_TARGET_NAME = SwiftUI_MVVM_CleanArch;
			};
			name = Debug;
		};
		A38C756A2B5163F90075F2B0 /* Release */ = {
			isa = XCBuildConfiguration;
			buildSettings = {
				ALWAYS_EMBED_SWIFT_STANDARD_LIBRARIES = YES;
				CODE_SIGN_STYLE = Automatic;
				CURRENT_PROJECT_VERSION = 1;
				GENERATE_INFOPLIST_FILE = YES;
				MARKETING_VERSION = 1.0;
				PRODUCT_BUNDLE_IDENTIFIER = "com.pasteboard.SwiftUI-MVVM-CleanArchUITests";
				PRODUCT_NAME = "$(TARGET_NAME)";
				SWIFT_EMIT_LOC_STRINGS = NO;
				SWIFT_VERSION = 5.0;
				TARGETED_DEVICE_FAMILY = "1,2";
				TEST_TARGET_NAME = SwiftUI_MVVM_CleanArch;
			};
			name = Release;
		};
/* End XCBuildConfiguration section */

/* Begin XCConfigurationList section */
		A38C75392B5163F60075F2B0 /* Build configuration list for PBXProject "SwiftUI_MVVM_CleanArch" */ = {
			isa = XCConfigurationList;
			buildConfigurations = (
				A38C75602B5163F90075F2B0 /* Debug */,
				A38C75612B5163F90075F2B0 /* Release */,
			);
			defaultConfigurationIsVisible = 0;
			defaultConfigurationName = Release;
		};
		A38C75622B5163F90075F2B0 /* Build configuration list for PBXNativeTarget "SwiftUI_MVVM_CleanArch" */ = {
			isa = XCConfigurationList;
			buildConfigurations = (
				A38C75632B5163F90075F2B0 /* Debug */,
				A38C75642B5163F90075F2B0 /* Release */,
			);
			defaultConfigurationIsVisible = 0;
			defaultConfigurationName = Release;
		};
		A38C75652B5163F90075F2B0 /* Build configuration list for PBXNativeTarget "SwiftUI_MVVM_CleanArchTests" */ = {
			isa = XCConfigurationList;
			buildConfigurations = (
				A38C75662B5163F90075F2B0 /* Debug */,
				A38C75672B5163F90075F2B0 /* Release */,
			);
			defaultConfigurationIsVisible = 0;
			defaultConfigurationName = Release;
		};
		A38C75682B5163F90075F2B0 /* Build configuration list for PBXNativeTarget "SwiftUI_MVVM_CleanArchUITests" */ = {
			isa = XCConfigurationList;
			buildConfigurations = (
				A38C75692B5163F90075F2B0 /* Debug */,
				A38C756A2B5163F90075F2B0 /* Release */,
			);
			defaultConfigurationIsVisible = 0;
			defaultConfigurationName = Release;
		};
/* End XCConfigurationList section */

/* Begin XCRemoteSwiftPackageReference section */
		A38C75A62B51793E0075F2B0 /* XCRemoteSwiftPackageReference "SDWebImageSwiftUI" */ = {
			isa = XCRemoteSwiftPackageReference;
			repositoryURL = "https://github.com/SDWebImage/SDWebImageSwiftUI.git";
			requirement = {
				kind = upToNextMajorVersion;
				minimumVersion = 2.0.0;
			};
		};
		A38C75AD2B5184DD0075F2B0 /* XCRemoteSwiftPackageReference "NetworkManager" */ = {
			isa = XCRemoteSwiftPackageReference;
			repositoryURL = "https://github.com/KalaiLingappan/NetworkManager.git";
			requirement = {
				branch = master;
				kind = branch;
			};
		};
/* End XCRemoteSwiftPackageReference section */

/* Begin XCSwiftPackageProductDependency section */
		A38C75A72B51793E0075F2B0 /* SDWebImageSwiftUI */ = {
			isa = XCSwiftPackageProductDependency;
			package = A38C75A62B51793E0075F2B0 /* XCRemoteSwiftPackageReference "SDWebImageSwiftUI" */;
			productName = SDWebImageSwiftUI;
		};
		A38C75A92B517C7A0075F2B0 /* SDWebImageSwiftUI */ = {
			isa = XCSwiftPackageProductDependency;
			package = A38C75A62B51793E0075F2B0 /* XCRemoteSwiftPackageReference "SDWebImageSwiftUI" */;
			productName = SDWebImageSwiftUI;
		};
		A38C75AE2B5184DD0075F2B0 /* NetworkManager */ = {
			isa = XCSwiftPackageProductDependency;
			package = A38C75AD2B5184DD0075F2B0 /* XCRemoteSwiftPackageReference "NetworkManager" */;
			productName = NetworkManager;
		};
/* End XCSwiftPackageProductDependency section */
	};
	rootObject = A38C75362B5163F60075F2B0 /* Project object */;
}
