// !$*UTF8*$!
{
	archiveVersion = 1;
	classes = {
	};
	objectVersion = 56;
	objects = {

/* Begin PBXBuildFile section */
		A317488A2B5C39B4001A7142 /* Mock.json in Resources */ = {isa = PBXBuildFile; fileRef = A31748892B5C39B4001A7142 /* Mock.json */; };
		A317488C2B5C3B63001A7142 /* MockData.swift in Sources */ = {isa = PBXBuildFile; fileRef = A317488B2B5C3B63001A7142 /* MockData.swift */; };
		A317488E2B5C4310001A7142 /* BookRepositoryImplTests.swift in Sources */ = {isa = PBXBuildFile; fileRef = A317488D2B5C4310001A7142 /* BookRepositoryImplTests.swift */; };
		A31748902B5E424E001A7142 /* MockFetchBooksUseCase.swift in Sources */ = {isa = PBXBuildFile; fileRef = A317488F2B5E424E001A7142 /* MockFetchBooksUseCase.swift */; };
		A31748922B5E427D001A7142 /* MockBookRepository.swift in Sources */ = {isa = PBXBuildFile; fileRef = A31748912B5E427D001A7142 /* MockBookRepository.swift */; };
		A31748942B5E42C0001A7142 /* MockBookNetworkService.swift in Sources */ = {isa = PBXBuildFile; fileRef = A31748932B5E42C0001A7142 /* MockBookNetworkService.swift */; };
		A31748962B5E42F0001A7142 /* MockNetworkService.swift in Sources */ = {isa = PBXBuildFile; fileRef = A31748952B5E42F0001A7142 /* MockNetworkService.swift */; };
		A31748982B5E4656001A7142 /* BookNetworkServiceImplTests.swift in Sources */ = {isa = PBXBuildFile; fileRef = A31748972B5E4656001A7142 /* BookNetworkServiceImplTests.swift */; };
		A3485DA52B5EAE32001EABA7 /* SnapshotTesting in Frameworks */ = {isa = PBXBuildFile; productRef = A3485DA42B5EAE32001EABA7 /* SnapshotTesting */; };
		A36791FD2B5F8D9000C97CDC /* SnapshotTesting in Frameworks */ = {isa = PBXBuildFile; productRef = A36791FC2B5F8D9000C97CDC /* SnapshotTesting */; };
		A36791FF2B5F8D9900C97CDC /* SDWebImageSwiftUI in Frameworks */ = {isa = PBXBuildFile; productRef = A36791FE2B5F8D9900C97CDC /* SDWebImageSwiftUI */; };
		A36792002B5F8DA200C97CDC /* BookListViewSnapshotTests.swift in Sources */ = {isa = PBXBuildFile; fileRef = A3722C5E2B5E8BC7007B4A7B /* BookListViewSnapshotTests.swift */; };
		A36792012B5F8DB200C97CDC /* MockFetchBooksUseCase.swift in Sources */ = {isa = PBXBuildFile; fileRef = A317488F2B5E424E001A7142 /* MockFetchBooksUseCase.swift */; };
		A36792022B5F8DB900C97CDC /* MockData.swift in Sources */ = {isa = PBXBuildFile; fileRef = A317488B2B5C3B63001A7142 /* MockData.swift */; };
		A36792032B5F8EAB00C97CDC /* Mock.json in Resources */ = {isa = PBXBuildFile; fileRef = A31748892B5C39B4001A7142 /* Mock.json */; };
		A36792072B5FACE700C97CDC /* AppConstants.swift in Sources */ = {isa = PBXBuildFile; fileRef = A36792062B5FACE700C97CDC /* AppConstants.swift */; };
		A38C75422B5163F60075F2B0 /* SwiftUI_MVVM_CleanArchApp.swift in Sources */ = {isa = PBXBuildFile; fileRef = A38C75412B5163F60075F2B0 /* SwiftUI_MVVM_CleanArchApp.swift */; };
		A38C75462B5163F90075F2B0 /* Assets.xcassets in Resources */ = {isa = PBXBuildFile; fileRef = A38C75452B5163F90075F2B0 /* Assets.xcassets */; };
		A38C75492B5163F90075F2B0 /* Preview Assets.xcassets in Resources */ = {isa = PBXBuildFile; fileRef = A38C75482B5163F90075F2B0 /* Preview Assets.xcassets */; };
		A38C75882B5165870075F2B0 /* BookListViewModel.swift in Sources */ = {isa = PBXBuildFile; fileRef = A38C756E2B5165860075F2B0 /* BookListViewModel.swift */; };
		A38C75892B5165870075F2B0 /* BookImage.swift in Sources */ = {isa = PBXBuildFile; fileRef = A38C75702B5165860075F2B0 /* BookImage.swift */; };
		A38C758A2B5165870075F2B0 /* BookDataDTO.swift in Sources */ = {isa = PBXBuildFile; fileRef = A38C75712B5165860075F2B0 /* BookDataDTO.swift */; };
		A38C758B2B5165870075F2B0 /* BookListDataModel.swift in Sources */ = {isa = PBXBuildFile; fileRef = A38C75722B5165860075F2B0 /* BookListDataModel.swift */; };
		A38C758C2B5165870075F2B0 /* ListDataRequest.swift in Sources */ = {isa = PBXBuildFile; fileRef = A38C75732B5165860075F2B0 /* ListDataRequest.swift */; };
		A38C758D2B5165870075F2B0 /* BooksListDashboardView.swift in Sources */ = {isa = PBXBuildFile; fileRef = A38C75752B5165860075F2B0 /* BooksListDashboardView.swift */; };
		A38C758E2B5165870075F2B0 /* BookListRowItem.swift in Sources */ = {isa = PBXBuildFile; fileRef = A38C75762B5165860075F2B0 /* BookListRowItem.swift */; };
		A38C758F2B5165870075F2B0 /* BookListView.swift in Sources */ = {isa = PBXBuildFile; fileRef = A38C75772B5165860075F2B0 /* BookListView.swift */; };
		A38C75902B5165870075F2B0 /* AsyncImageView.swift in Sources */ = {isa = PBXBuildFile; fileRef = A38C75782B5165860075F2B0 /* AsyncImageView.swift */; };
		A38C75912B5165870075F2B0 /* ErrorView.swift in Sources */ = {isa = PBXBuildFile; fileRef = A38C75792B5165860075F2B0 /* ErrorView.swift */; };
		A38C75922B5165870075F2B0 /* FetchBooksUseCase.swift in Sources */ = {isa = PBXBuildFile; fileRef = A38C757B2B5165860075F2B0 /* FetchBooksUseCase.swift */; };
		A38C75992B5165870075F2B0 /* URLConstants.swift in Sources */ = {isa = PBXBuildFile; fileRef = A38C75852B5165860075F2B0 /* URLConstants.swift */; };
		A38C75A42B51784E0075F2B0 /* BookListViewModelTests.swift in Sources */ = {isa = PBXBuildFile; fileRef = A38C75A22B51784E0075F2B0 /* BookListViewModelTests.swift */; };
		A38C75A52B51784E0075F2B0 /* FetchBooksUseCaseImplTests.swift in Sources */ = {isa = PBXBuildFile; fileRef = A38C75A32B51784E0075F2B0 /* FetchBooksUseCaseImplTests.swift */; };
		A38C75A82B51793E0075F2B0 /* SDWebImageSwiftUI in Frameworks */ = {isa = PBXBuildFile; productRef = A38C75A72B51793E0075F2B0 /* SDWebImageSwiftUI */; };
		A38C75AA2B517C7A0075F2B0 /* SDWebImageSwiftUI in Frameworks */ = {isa = PBXBuildFile; productRef = A38C75A92B517C7A0075F2B0 /* SDWebImageSwiftUI */; };
		A38C75AC2B517FDD0075F2B0 /* ContentView.swift in Sources */ = {isa = PBXBuildFile; fileRef = A38C75AB2B517FDD0075F2B0 /* ContentView.swift */; };
		A38C75AF2B5184DD0075F2B0 /* NetworkManager in Frameworks */ = {isa = PBXBuildFile; productRef = A38C75AE2B5184DD0075F2B0 /* NetworkManager */; };
		A38C75B12B5934610075F2B0 /* VolumeInfo.swift in Sources */ = {isa = PBXBuildFile; fileRef = A38C75B02B5934610075F2B0 /* VolumeInfo.swift */; };
		A38C75C72B5A6B540075F2B0 /* BookRepository.swift in Sources */ = {isa = PBXBuildFile; fileRef = A38C75C62B5A6B540075F2B0 /* BookRepository.swift */; };
		A38C75C92B5A77EF0075F2B0 /* BookNetworkService.swift in Sources */ = {isa = PBXBuildFile; fileRef = A38C75C82B5A77EF0075F2B0 /* BookNetworkService.swift */; };
		A38C75CB2B5AB5A40075F2B0 /* BookDomainDTO.swift in Sources */ = {isa = PBXBuildFile; fileRef = A38C75CA2B5AB5A40075F2B0 /* BookDomainDTO.swift */; };
		A38C75CD2B5ABCAC0075F2B0 /* Book.swift in Sources */ = {isa = PBXBuildFile; fileRef = A38C75CC2B5AB6680075F2B0 /* Book.swift */; };
		A38C75CF2B5AC72E0075F2B0 /* BooksListFactory.swift in Sources */ = {isa = PBXBuildFile; fileRef = A38C75CE2B5AC72E0075F2B0 /* BooksListFactory.swift */; };
		A38C75D12B5ACAA40075F2B0 /* AppDIRegistry.swift in Sources */ = {isa = PBXBuildFile; fileRef = A38C75D02B5ACAA40075F2B0 /* AppDIRegistry.swift */; };
/* End PBXBuildFile section */

/* Begin PBXContainerItemProxy section */
		A36791F72B5F8D8500C97CDC /* PBXContainerItemProxy */ = {
			isa = PBXContainerItemProxy;
			containerPortal = A38C75362B5163F60075F2B0 /* Project object */;
			proxyType = 1;
			remoteGlobalIDString = A38C753D2B5163F60075F2B0;
			remoteInfo = SwiftUI_MVVM_CleanArch;
		};
		A38C754F2B5163F90075F2B0 /* PBXContainerItemProxy */ = {
			isa = PBXContainerItemProxy;
			containerPortal = A38C75362B5163F60075F2B0 /* Project object */;
			proxyType = 1;
			remoteGlobalIDString = A38C753D2B5163F60075F2B0;
			remoteInfo = SwiftUI_MVVM_CleanArch;
		};
/* End PBXContainerItemProxy section */

/* Begin PBXFileReference section */
		A31748892B5C39B4001A7142 /* Mock.json */ = {isa = PBXFileReference; explicitFileType = text.json; path = Mock.json; sourceTree = "<group>"; };
		A317488B2B5C3B63001A7142 /* MockData.swift */ = {isa = PBXFileReference; lastKnownFileType = sourcecode.swift; path = MockData.swift; sourceTree = "<group>"; };
		A317488D2B5C4310001A7142 /* BookRepositoryImplTests.swift */ = {isa = PBXFileReference; lastKnownFileType = sourcecode.swift; path = BookRepositoryImplTests.swift; sourceTree = "<group>"; };
		A317488F2B5E424E001A7142 /* MockFetchBooksUseCase.swift */ = {isa = PBXFileReference; lastKnownFileType = sourcecode.swift; path = MockFetchBooksUseCase.swift; sourceTree = "<group>"; };
		A31748912B5E427D001A7142 /* MockBookRepository.swift */ = {isa = PBXFileReference; lastKnownFileType = sourcecode.swift; path = MockBookRepository.swift; sourceTree = "<group>"; };
		A31748932B5E42C0001A7142 /* MockBookNetworkService.swift */ = {isa = PBXFileReference; lastKnownFileType = sourcecode.swift; path = MockBookNetworkService.swift; sourceTree = "<group>"; };
		A31748952B5E42F0001A7142 /* MockNetworkService.swift */ = {isa = PBXFileReference; lastKnownFileType = sourcecode.swift; path = MockNetworkService.swift; sourceTree = "<group>"; };
		A31748972B5E4656001A7142 /* BookNetworkServiceImplTests.swift */ = {isa = PBXFileReference; lastKnownFileType = sourcecode.swift; path = BookNetworkServiceImplTests.swift; sourceTree = "<group>"; };
		A36791F32B5F8D8500C97CDC /* SwiftUI_MVVM_CleanArchSnapshotTests.xctest */ = {isa = PBXFileReference; explicitFileType = wrapper.cfbundle; includeInIndex = 0; path = SwiftUI_MVVM_CleanArchSnapshotTests.xctest; sourceTree = BUILT_PRODUCTS_DIR; };
		A36792062B5FACE700C97CDC /* AppConstants.swift */ = {isa = PBXFileReference; lastKnownFileType = sourcecode.swift; path = AppConstants.swift; sourceTree = "<group>"; };
		A3722C5E2B5E8BC7007B4A7B /* BookListViewSnapshotTests.swift */ = {isa = PBXFileReference; lastKnownFileType = sourcecode.swift; path = BookListViewSnapshotTests.swift; sourceTree = "<group>"; };
		A38C753E2B5163F60075F2B0 /* SwiftUI_MVVM_CleanArch.app */ = {isa = PBXFileReference; explicitFileType = wrapper.application; includeInIndex = 0; path = SwiftUI_MVVM_CleanArch.app; sourceTree = BUILT_PRODUCTS_DIR; };
		A38C75412B5163F60075F2B0 /* SwiftUI_MVVM_CleanArchApp.swift */ = {isa = PBXFileReference; lastKnownFileType = sourcecode.swift; path = SwiftUI_MVVM_CleanArchApp.swift; sourceTree = "<group>"; };
		A38C75452B5163F90075F2B0 /* Assets.xcassets */ = {isa = PBXFileReference; lastKnownFileType = folder.assetcatalog; path = Assets.xcassets; sourceTree = "<group>"; };
		A38C75482B5163F90075F2B0 /* Preview Assets.xcassets */ = {isa = PBXFileReference; lastKnownFileType = folder.assetcatalog; path = "Preview Assets.xcassets"; sourceTree = "<group>"; };
		A38C754E2B5163F90075F2B0 /* SwiftUI_MVVM_CleanArchTests.xctest */ = {isa = PBXFileReference; explicitFileType = wrapper.cfbundle; includeInIndex = 0; path = SwiftUI_MVVM_CleanArchTests.xctest; sourceTree = BUILT_PRODUCTS_DIR; };
		A38C756E2B5165860075F2B0 /* BookListViewModel.swift */ = {isa = PBXFileReference; fileEncoding = 4; lastKnownFileType = sourcecode.swift; path = BookListViewModel.swift; sourceTree = "<group>"; };
		A38C75702B5165860075F2B0 /* BookImage.swift */ = {isa = PBXFileReference; fileEncoding = 4; lastKnownFileType = sourcecode.swift; path = BookImage.swift; sourceTree = "<group>"; };
		A38C75712B5165860075F2B0 /* BookDataDTO.swift */ = {isa = PBXFileReference; fileEncoding = 4; lastKnownFileType = sourcecode.swift; path = BookDataDTO.swift; sourceTree = "<group>"; };
		A38C75722B5165860075F2B0 /* BookListDataModel.swift */ = {isa = PBXFileReference; fileEncoding = 4; lastKnownFileType = sourcecode.swift; path = BookListDataModel.swift; sourceTree = "<group>"; };
		A38C75732B5165860075F2B0 /* ListDataRequest.swift */ = {isa = PBXFileReference; fileEncoding = 4; lastKnownFileType = sourcecode.swift; path = ListDataRequest.swift; sourceTree = "<group>"; };
		A38C75752B5165860075F2B0 /* BooksListDashboardView.swift */ = {isa = PBXFileReference; fileEncoding = 4; lastKnownFileType = sourcecode.swift; path = BooksListDashboardView.swift; sourceTree = "<group>"; };
		A38C75762B5165860075F2B0 /* BookListRowItem.swift */ = {isa = PBXFileReference; fileEncoding = 4; lastKnownFileType = sourcecode.swift; path = BookListRowItem.swift; sourceTree = "<group>"; };
		A38C75772B5165860075F2B0 /* BookListView.swift */ = {isa = PBXFileReference; fileEncoding = 4; lastKnownFileType = sourcecode.swift; path = BookListView.swift; sourceTree = "<group>"; };
		A38C75782B5165860075F2B0 /* AsyncImageView.swift */ = {isa = PBXFileReference; fileEncoding = 4; lastKnownFileType = sourcecode.swift; path = AsyncImageView.swift; sourceTree = "<group>"; };
		A38C75792B5165860075F2B0 /* ErrorView.swift */ = {isa = PBXFileReference; fileEncoding = 4; lastKnownFileType = sourcecode.swift; path = ErrorView.swift; sourceTree = "<group>"; };
		A38C757B2B5165860075F2B0 /* FetchBooksUseCase.swift */ = {isa = PBXFileReference; fileEncoding = 4; lastKnownFileType = sourcecode.swift; path = FetchBooksUseCase.swift; sourceTree = "<group>"; };
		A38C75852B5165860075F2B0 /* URLConstants.swift */ = {isa = PBXFileReference; fileEncoding = 4; lastKnownFileType = sourcecode.swift; path = URLConstants.swift; sourceTree = "<group>"; };
		A38C75A22B51784E0075F2B0 /* BookListViewModelTests.swift */ = {isa = PBXFileReference; fileEncoding = 4; lastKnownFileType = sourcecode.swift; path = BookListViewModelTests.swift; sourceTree = "<group>"; };
		A38C75A32B51784E0075F2B0 /* FetchBooksUseCaseImplTests.swift */ = {isa = PBXFileReference; fileEncoding = 4; lastKnownFileType = sourcecode.swift; path = FetchBooksUseCaseImplTests.swift; sourceTree = "<group>"; };
		A38C75AB2B517FDD0075F2B0 /* ContentView.swift */ = {isa = PBXFileReference; fileEncoding = 4; lastKnownFileType = sourcecode.swift; path = ContentView.swift; sourceTree = "<group>"; };
		A38C75B02B5934610075F2B0 /* VolumeInfo.swift */ = {isa = PBXFileReference; lastKnownFileType = sourcecode.swift; path = VolumeInfo.swift; sourceTree = "<group>"; };
		A38C75C62B5A6B540075F2B0 /* BookRepository.swift */ = {isa = PBXFileReference; lastKnownFileType = sourcecode.swift; path = BookRepository.swift; sourceTree = "<group>"; };
		A38C75C82B5A77EF0075F2B0 /* BookNetworkService.swift */ = {isa = PBXFileReference; lastKnownFileType = sourcecode.swift; path = BookNetworkService.swift; sourceTree = "<group>"; };
		A38C75CA2B5AB5A40075F2B0 /* BookDomainDTO.swift */ = {isa = PBXFileReference; lastKnownFileType = sourcecode.swift; path = BookDomainDTO.swift; sourceTree = "<group>"; };
		A38C75CC2B5AB6680075F2B0 /* Book.swift */ = {isa = PBXFileReference; lastKnownFileType = sourcecode.swift; path = Book.swift; sourceTree = "<group>"; };
		A38C75CE2B5AC72E0075F2B0 /* BooksListFactory.swift */ = {isa = PBXFileReference; lastKnownFileType = sourcecode.swift; path = BooksListFactory.swift; sourceTree = "<group>"; };
		A38C75D02B5ACAA40075F2B0 /* AppDIRegistry.swift */ = {isa = PBXFileReference; lastKnownFileType = sourcecode.swift; path = AppDIRegistry.swift; sourceTree = "<group>"; };
		A3D015DC2B67CB1F005BC842 /* SwiftUI-MVVM-CleanArch-Info.plist */ = {isa = PBXFileReference; lastKnownFileType = text.plist; path = "SwiftUI-MVVM-CleanArch-Info.plist"; sourceTree = SOURCE_ROOT; };
/* End PBXFileReference section */

/* Begin PBXFrameworksBuildPhase section */
		A36791F02B5F8D8500C97CDC /* Frameworks */ = {
			isa = PBXFrameworksBuildPhase;
			buildActionMask = 2147483647;
			files = (
				A36791FF2B5F8D9900C97CDC /* SDWebImageSwiftUI in Frameworks */,
				A36791FD2B5F8D9000C97CDC /* SnapshotTesting in Frameworks */,
			);
			runOnlyForDeploymentPostprocessing = 0;
		};
		A38C753B2B5163F60075F2B0 /* Frameworks */ = {
			isa = PBXFrameworksBuildPhase;
			buildActionMask = 2147483647;
			files = (
				A38C75A82B51793E0075F2B0 /* SDWebImageSwiftUI in Frameworks */,
				A38C75AF2B5184DD0075F2B0 /* NetworkManager in Frameworks */,
			);
			runOnlyForDeploymentPostprocessing = 0;
		};
		A38C754B2B5163F90075F2B0 /* Frameworks */ = {
			isa = PBXFrameworksBuildPhase;
			buildActionMask = 2147483647;
			files = (
				A38C75AA2B517C7A0075F2B0 /* SDWebImageSwiftUI in Frameworks */,
				A3485DA52B5EAE32001EABA7 /* SnapshotTesting in Frameworks */,
			);
			runOnlyForDeploymentPostprocessing = 0;
		};
/* End PBXFrameworksBuildPhase section */

/* Begin PBXGroup section */
		A31748862B5C3771001A7142 /* Mock */ = {
			isa = PBXGroup;
			children = (
				A317488B2B5C3B63001A7142 /* MockData.swift */,
				A317488F2B5E424E001A7142 /* MockFetchBooksUseCase.swift */,
				A31748912B5E427D001A7142 /* MockBookRepository.swift */,
				A31748932B5E42C0001A7142 /* MockBookNetworkService.swift */,
				A31748952B5E42F0001A7142 /* MockNetworkService.swift */,
			);
			path = Mock;
			sourceTree = "<group>";
		};
		A31748872B5C3779001A7142 /* BookList */ = {
			isa = PBXGroup;
			children = (
				A38C75A22B51784E0075F2B0 /* BookListViewModelTests.swift */,
				A38C75A32B51784E0075F2B0 /* FetchBooksUseCaseImplTests.swift */,
				A317488D2B5C4310001A7142 /* BookRepositoryImplTests.swift */,
				A31748972B5E4656001A7142 /* BookNetworkServiceImplTests.swift */,
			);
			path = BookList;
			sourceTree = "<group>";
		};
		A31748882B5C37D1001A7142 /* Resources */ = {
			isa = PBXGroup;
			children = (
				A31748892B5C39B4001A7142 /* Mock.json */,
			);
			path = Resources;
			sourceTree = "<group>";
		};
		A36791F42B5F8D8500C97CDC /* SwiftUI_MVVM_CleanArchSnapshotTests */ = {
			isa = PBXGroup;
			children = (
				A3722C5E2B5E8BC7007B4A7B /* BookListViewSnapshotTests.swift */,
			);
			path = SwiftUI_MVVM_CleanArchSnapshotTests;
			sourceTree = "<group>";
		};
		A38C75352B5163F60075F2B0 = {
			isa = PBXGroup;
			children = (
				A38C75402B5163F60075F2B0 /* SwiftUI_MVVM_CleanArch */,
				A38C75512B5163F90075F2B0 /* SwiftUI_MVVM_CleanArchTests */,
				A36791F42B5F8D8500C97CDC /* SwiftUI_MVVM_CleanArchSnapshotTests */,
				A38C753F2B5163F60075F2B0 /* Products */,
				A38C75C42B5978660075F2B0 /* Resources */,
				A38C759F2B5178150075F2B0 /* Frameworks */,
			);
			sourceTree = "<group>";
		};
		A38C753F2B5163F60075F2B0 /* Products */ = {
			isa = PBXGroup;
			children = (
				A38C753E2B5163F60075F2B0 /* SwiftUI_MVVM_CleanArch.app */,
				A38C754E2B5163F90075F2B0 /* SwiftUI_MVVM_CleanArchTests.xctest */,
				A36791F32B5F8D8500C97CDC /* SwiftUI_MVVM_CleanArchSnapshotTests.xctest */,
			);
			name = Products;
			sourceTree = "<group>";
		};
		A38C75402B5163F60075F2B0 /* SwiftUI_MVVM_CleanArch */ = {
			isa = PBXGroup;
			children = (
				A3D015DC2B67CB1F005BC842 /* SwiftUI-MVVM-CleanArch-Info.plist */,
				A38C75C02B5974B00075F2B0 /* Appplication */,
				A38C75832B5165860075F2B0 /* Core */,
				A38C75C52B597C2D0075F2B0 /* Features */,
				A38C75472B5163F90075F2B0 /* Preview Content */,
			);
			path = SwiftUI_MVVM_CleanArch;
			sourceTree = "<group>";
		};
		A38C75472B5163F90075F2B0 /* Preview Content */ = {
			isa = PBXGroup;
			children = (
				A38C75482B5163F90075F2B0 /* Preview Assets.xcassets */,
			);
			path = "Preview Content";
			sourceTree = "<group>";
		};
		A38C75512B5163F90075F2B0 /* SwiftUI_MVVM_CleanArchTests */ = {
			isa = PBXGroup;
			children = (
				A31748872B5C3779001A7142 /* BookList */,
				A31748862B5C3771001A7142 /* Mock */,
				A31748882B5C37D1001A7142 /* Resources */,
			);
			path = SwiftUI_MVVM_CleanArchTests;
			sourceTree = "<group>";
		};
		A38C756C2B5165860075F2B0 /* BookListView */ = {
			isa = PBXGroup;
			children = (
				A38C75CE2B5AC72E0075F2B0 /* BooksListFactory.swift */,
				A38C75BD2B596E6C0075F2B0 /* Presentation */,
				A38C75BE2B596E840075F2B0 /* Domain */,
				A38C75C22B5974F90075F2B0 /* Data */,
			);
			path = BookListView;
			sourceTree = "<group>";
		};
		A38C756D2B5165860075F2B0 /* ViewModel */ = {
			isa = PBXGroup;
			children = (
				A38C756E2B5165860075F2B0 /* BookListViewModel.swift */,
			);
			path = ViewModel;
			sourceTree = "<group>";
		};
		A38C756F2B5165860075F2B0 /* Entities */ = {
			isa = PBXGroup;
			children = (
				A38C75CA2B5AB5A40075F2B0 /* BookDomainDTO.swift */,
			);
			path = Entities;
			sourceTree = "<group>";
		};
		A38C75742B5165860075F2B0 /* Views */ = {
			isa = PBXGroup;
			children = (
				A38C75752B5165860075F2B0 /* BooksListDashboardView.swift */,
				A38C75772B5165860075F2B0 /* BookListView.swift */,
				A38C75762B5165860075F2B0 /* BookListRowItem.swift */,
			);
			path = Views;
			sourceTree = "<group>";
		};
		A38C757A2B5165860075F2B0 /* UseCase */ = {
			isa = PBXGroup;
			children = (
				A38C757B2B5165860075F2B0 /* FetchBooksUseCase.swift */,
			);
			path = UseCase;
			sourceTree = "<group>";
		};
		A38C75832B5165860075F2B0 /* Core */ = {
			isa = PBXGroup;
			children = (
				A38C75D22B5ACD2E0075F2B0 /* Views */,
				A38C75BA2B596DDF0075F2B0 /* AppConstants */,
			);
			path = Core;
			sourceTree = "<group>";
		};
		A38C759F2B5178150075F2B0 /* Frameworks */ = {
			isa = PBXGroup;
			children = (
			);
			name = Frameworks;
			sourceTree = "<group>";
		};
		A38C75B72B596ABE0075F2B0 /* Service */ = {
			isa = PBXGroup;
			children = (
				A38C75732B5165860075F2B0 /* ListDataRequest.swift */,
				A38C75C82B5A77EF0075F2B0 /* BookNetworkService.swift */,
			);
			path = Service;
			sourceTree = "<group>";
		};
		A38C75B82B596AC40075F2B0 /* Repository */ = {
			isa = PBXGroup;
			children = (
				A38C75C62B5A6B540075F2B0 /* BookRepository.swift */,
			);
			path = Repository;
			sourceTree = "<group>";
		};
		A38C75BA2B596DDF0075F2B0 /* AppConstants */ = {
			isa = PBXGroup;
			children = (
				A38C75852B5165860075F2B0 /* URLConstants.swift */,
				A36792062B5FACE700C97CDC /* AppConstants.swift */,
			);
			path = AppConstants;
			sourceTree = "<group>";
		};
		A38C75BD2B596E6C0075F2B0 /* Presentation */ = {
			isa = PBXGroup;
			children = (
				A38C75C12B5974DE0075F2B0 /* Entities */,
				A38C75742B5165860075F2B0 /* Views */,
				A38C756D2B5165860075F2B0 /* ViewModel */,
			);
			path = Presentation;
			sourceTree = "<group>";
		};
		A38C75BE2B596E840075F2B0 /* Domain */ = {
			isa = PBXGroup;
			children = (
				A38C756F2B5165860075F2B0 /* Entities */,
				A38C757A2B5165860075F2B0 /* UseCase */,
			);
			path = Domain;
			sourceTree = "<group>";
		};
		A38C75C02B5974B00075F2B0 /* Appplication */ = {
			isa = PBXGroup;
			children = (
				A38C75412B5163F60075F2B0 /* SwiftUI_MVVM_CleanArchApp.swift */,
				A38C75AB2B517FDD0075F2B0 /* ContentView.swift */,
				A38C75D02B5ACAA40075F2B0 /* AppDIRegistry.swift */,
			);
			path = Appplication;
			sourceTree = "<group>";
		};
		A38C75C12B5974DE0075F2B0 /* Entities */ = {
			isa = PBXGroup;
			children = (
				A38C75CC2B5AB6680075F2B0 /* Book.swift */,
			);
			path = Entities;
			sourceTree = "<group>";
		};
		A38C75C22B5974F90075F2B0 /* Data */ = {
			isa = PBXGroup;
			children = (
				A38C75C32B5975090075F2B0 /* Entities */,
				A38C75B82B596AC40075F2B0 /* Repository */,
				A38C75B72B596ABE0075F2B0 /* Service */,
			);
			path = Data;
			sourceTree = "<group>";
		};
		A38C75C32B5975090075F2B0 /* Entities */ = {
			isa = PBXGroup;
			children = (
				A38C75702B5165860075F2B0 /* BookImage.swift */,
				A38C75712B5165860075F2B0 /* BookDataDTO.swift */,
				A38C75B02B5934610075F2B0 /* VolumeInfo.swift */,
				A38C75722B5165860075F2B0 /* BookListDataModel.swift */,
			);
			path = Entities;
			sourceTree = "<group>";
		};
		A38C75C42B5978660075F2B0 /* Resources */ = {
			isa = PBXGroup;
			children = (
				A38C75452B5163F90075F2B0 /* Assets.xcassets */,
			);
			path = Resources;
			sourceTree = "<group>";
		};
		A38C75C52B597C2D0075F2B0 /* Features */ = {
			isa = PBXGroup;
			children = (
				A38C756C2B5165860075F2B0 /* BookListView */,
			);
			path = Features;
			sourceTree = "<group>";
		};
		A38C75D22B5ACD2E0075F2B0 /* Views */ = {
			isa = PBXGroup;
			children = (
				A38C75782B5165860075F2B0 /* AsyncImageView.swift */,
				A38C75792B5165860075F2B0 /* ErrorView.swift */,
			);
			path = Views;
			sourceTree = "<group>";
		};
/* End PBXGroup section */

/* Begin PBXNativeTarget section */
		A36791F22B5F8D8500C97CDC /* SwiftUI_MVVM_CleanArchSnapshotTests */ = {
			isa = PBXNativeTarget;
			buildConfigurationList = A36791FB2B5F8D8500C97CDC /* Build configuration list for PBXNativeTarget "SwiftUI_MVVM_CleanArchSnapshotTests" */;
			buildPhases = (
				A36791EF2B5F8D8500C97CDC /* Sources */,
				A36791F02B5F8D8500C97CDC /* Frameworks */,
				A36791F12B5F8D8500C97CDC /* Resources */,
			);
			buildRules = (
			);
			dependencies = (
				A36791F82B5F8D8500C97CDC /* PBXTargetDependency */,
			);
			name = SwiftUI_MVVM_CleanArchSnapshotTests;
			packageProductDependencies = (
				A36791FC2B5F8D9000C97CDC /* SnapshotTesting */,
				A36791FE2B5F8D9900C97CDC /* SDWebImageSwiftUI */,
			);
			productName = SwiftUI_MVVM_CleanArchSnapshotTests;
			productReference = A36791F32B5F8D8500C97CDC /* SwiftUI_MVVM_CleanArchSnapshotTests.xctest */;
			productType = "com.apple.product-type.bundle.unit-test";
		};
		A38C753D2B5163F60075F2B0 /* SwiftUI_MVVM_CleanArch */ = {
			isa = PBXNativeTarget;
			buildConfigurationList = A38C75622B5163F90075F2B0 /* Build configuration list for PBXNativeTarget "SwiftUI_MVVM_CleanArch" */;
			buildPhases = (
				A38C753A2B5163F60075F2B0 /* Sources */,
				A38C753B2B5163F60075F2B0 /* Frameworks */,
				A38C753C2B5163F60075F2B0 /* Resources */,
			);
			buildRules = (
			);
			dependencies = (
			);
			name = SwiftUI_MVVM_CleanArch;
			packageProductDependencies = (
				A38C75A72B51793E0075F2B0 /* SDWebImageSwiftUI */,
				A38C75AE2B5184DD0075F2B0 /* NetworkManager */,
			);
			productName = SwiftUI_MVVM_CleanArch;
			productReference = A38C753E2B5163F60075F2B0 /* SwiftUI_MVVM_CleanArch.app */;
			productType = "com.apple.product-type.application";
		};
		A38C754D2B5163F90075F2B0 /* SwiftUI_MVVM_CleanArchTests */ = {
			isa = PBXNativeTarget;
			buildConfigurationList = A38C75652B5163F90075F2B0 /* Build configuration list for PBXNativeTarget "SwiftUI_MVVM_CleanArchTests" */;
			buildPhases = (
				A38C754A2B5163F90075F2B0 /* Sources */,
				A38C754B2B5163F90075F2B0 /* Frameworks */,
				A38C754C2B5163F90075F2B0 /* Resources */,
			);
			buildRules = (
			);
			dependencies = (
				A38C75502B5163F90075F2B0 /* PBXTargetDependency */,
			);
			name = SwiftUI_MVVM_CleanArchTests;
			packageProductDependencies = (
				A38C75A92B517C7A0075F2B0 /* SDWebImageSwiftUI */,
				A3485DA42B5EAE32001EABA7 /* SnapshotTesting */,
			);
			productName = SwiftUI_MVVM_CleanArchTests;
			productReference = A38C754E2B5163F90075F2B0 /* SwiftUI_MVVM_CleanArchTests.xctest */;
			productType = "com.apple.product-type.bundle.unit-test";
		};
/* End PBXNativeTarget section */

/* Begin PBXProject section */
		A38C75362B5163F60075F2B0 /* Project object */ = {
			isa = PBXProject;
			attributes = {
				BuildIndependentTargetsInParallel = 1;
				LastSwiftUpdateCheck = 1430;
				LastUpgradeCheck = 1430;
				TargetAttributes = {
					A36791F22B5F8D8500C97CDC = {
						CreatedOnToolsVersion = 14.3.1;
						TestTargetID = A38C753D2B5163F60075F2B0;
					};
					A38C753D2B5163F60075F2B0 = {
						CreatedOnToolsVersion = 14.3.1;
					};
					A38C754D2B5163F90075F2B0 = {
						CreatedOnToolsVersion = 14.3.1;
						LastSwiftMigration = 1430;
						TestTargetID = A38C753D2B5163F60075F2B0;
					};
				};
			};
			buildConfigurationList = A38C75392B5163F60075F2B0 /* Build configuration list for PBXProject "SwiftUI_MVVM_CleanArch" */;
			compatibilityVersion = "Xcode 14.0";
			developmentRegion = en;
			hasScannedForEncodings = 0;
			knownRegions = (
				en,
				Base,
			);
			mainGroup = A38C75352B5163F60075F2B0;
			packageReferences = (
				A38C75A62B51793E0075F2B0 /* XCRemoteSwiftPackageReference "SDWebImageSwiftUI" */,
				A38C75AD2B5184DD0075F2B0 /* XCRemoteSwiftPackageReference "NetworkManager" */,
				A3485D9C2B5EA347001EABA7 /* XCRemoteSwiftPackageReference "swift-snapshot-testing" */,
			);
			productRefGroup = A38C753F2B5163F60075F2B0 /* Products */;
			projectDirPath = "";
			projectRoot = "";
			targets = (
				A38C753D2B5163F60075F2B0 /* SwiftUI_MVVM_CleanArch */,
				A38C754D2B5163F90075F2B0 /* SwiftUI_MVVM_CleanArchTests */,
				A36791F22B5F8D8500C97CDC /* SwiftUI_MVVM_CleanArchSnapshotTests */,
			);
		};
/* End PBXProject section */

/* Begin PBXResourcesBuildPhase section */
		A36791F12B5F8D8500C97CDC /* Resources */ = {
			isa = PBXResourcesBuildPhase;
			buildActionMask = 2147483647;
			files = (
				A36792032B5F8EAB00C97CDC /* Mock.json in Resources */,
			);
			runOnlyForDeploymentPostprocessing = 0;
		};
		A38C753C2B5163F60075F2B0 /* Resources */ = {
			isa = PBXResourcesBuildPhase;
			buildActionMask = 2147483647;
			files = (
				A38C75492B5163F90075F2B0 /* Preview Assets.xcassets in Resources */,
				A38C75462B5163F90075F2B0 /* Assets.xcassets in Resources */,
			);
			runOnlyForDeploymentPostprocessing = 0;
		};
		A38C754C2B5163F90075F2B0 /* Resources */ = {
			isa = PBXResourcesBuildPhase;
			buildActionMask = 2147483647;
			files = (
				A317488A2B5C39B4001A7142 /* Mock.json in Resources */,
			);
			runOnlyForDeploymentPostprocessing = 0;
		};
/* End PBXResourcesBuildPhase section */

/* Begin PBXSourcesBuildPhase section */
		A36791EF2B5F8D8500C97CDC /* Sources */ = {
			isa = PBXSourcesBuildPhase;
			buildActionMask = 2147483647;
			files = (
				A36792012B5F8DB200C97CDC /* MockFetchBooksUseCase.swift in Sources */,
				A36792022B5F8DB900C97CDC /* MockData.swift in Sources */,
				A36792002B5F8DA200C97CDC /* BookListViewSnapshotTests.swift in Sources */,
			);
			runOnlyForDeploymentPostprocessing = 0;
		};
		A38C753A2B5163F60075F2B0 /* Sources */ = {
			isa = PBXSourcesBuildPhase;
			buildActionMask = 2147483647;
			files = (
				A38C758D2B5165870075F2B0 /* BooksListDashboardView.swift in Sources */,
				A38C758A2B5165870075F2B0 /* BookDataDTO.swift in Sources */,
				A38C758F2B5165870075F2B0 /* BookListView.swift in Sources */,
				A36792072B5FACE700C97CDC /* AppConstants.swift in Sources */,
				A38C75922B5165870075F2B0 /* FetchBooksUseCase.swift in Sources */,
				A38C75892B5165870075F2B0 /* BookImage.swift in Sources */,
				A38C75C72B5A6B540075F2B0 /* BookRepository.swift in Sources */,
				A38C758C2B5165870075F2B0 /* ListDataRequest.swift in Sources */,
				A38C75902B5165870075F2B0 /* AsyncImageView.swift in Sources */,
				A38C75CD2B5ABCAC0075F2B0 /* Book.swift in Sources */,
				A38C75CB2B5AB5A40075F2B0 /* BookDomainDTO.swift in Sources */,
				A38C75AC2B517FDD0075F2B0 /* ContentView.swift in Sources */,
				A38C75912B5165870075F2B0 /* ErrorView.swift in Sources */,
				A38C75992B5165870075F2B0 /* URLConstants.swift in Sources */,
				A38C75CF2B5AC72E0075F2B0 /* BooksListFactory.swift in Sources */,
				A38C758E2B5165870075F2B0 /* BookListRowItem.swift in Sources */,
				A38C75B12B5934610075F2B0 /* VolumeInfo.swift in Sources */,
				A38C75C92B5A77EF0075F2B0 /* BookNetworkService.swift in Sources */,
				A38C758B2B5165870075F2B0 /* BookListDataModel.swift in Sources */,
				A38C75422B5163F60075F2B0 /* SwiftUI_MVVM_CleanArchApp.swift in Sources */,
				A38C75882B5165870075F2B0 /* BookListViewModel.swift in Sources */,
				A38C75D12B5ACAA40075F2B0 /* AppDIRegistry.swift in Sources */,
			);
			runOnlyForDeploymentPostprocessing = 0;
		};
		A38C754A2B5163F90075F2B0 /* Sources */ = {
			isa = PBXSourcesBuildPhase;
			buildActionMask = 2147483647;
			files = (
				A31748962B5E42F0001A7142 /* MockNetworkService.swift in Sources */,
				A317488E2B5C4310001A7142 /* BookRepositoryImplTests.swift in Sources */,
				A31748902B5E424E001A7142 /* MockFetchBooksUseCase.swift in Sources */,
				A31748982B5E4656001A7142 /* BookNetworkServiceImplTests.swift in Sources */,
				A38C75A52B51784E0075F2B0 /* FetchBooksUseCaseImplTests.swift in Sources */,
				A31748942B5E42C0001A7142 /* MockBookNetworkService.swift in Sources */,
				A317488C2B5C3B63001A7142 /* MockData.swift in Sources */,
				A31748922B5E427D001A7142 /* MockBookRepository.swift in Sources */,
				A38C75A42B51784E0075F2B0 /* BookListViewModelTests.swift in Sources */,
			);
			runOnlyForDeploymentPostprocessing = 0;
		};
/* End PBXSourcesBuildPhase section */

/* Begin PBXTargetDependency section */
		A36791F82B5F8D8500C97CDC /* PBXTargetDependency */ = {
			isa = PBXTargetDependency;
			target = A38C753D2B5163F60075F2B0 /* SwiftUI_MVVM_CleanArch */;
			targetProxy = A36791F72B5F8D8500C97CDC /* PBXContainerItemProxy */;
		};
		A38C75502B5163F90075F2B0 /* PBXTargetDependency */ = {
			isa = PBXTargetDependency;
			target = A38C753D2B5163F60075F2B0 /* SwiftUI_MVVM_CleanArch */;
			targetProxy = A38C754F2B5163F90075F2B0 /* PBXContainerItemProxy */;
		};
/* End PBXTargetDependency section */

/* Begin XCBuildConfiguration section */
		A36791F92B5F8D8500C97CDC /* Debug */ = {
			isa = XCBuildConfiguration;
			buildSettings = {
				BUNDLE_LOADER = "$(TEST_HOST)";
				CODE_SIGN_STYLE = Automatic;
				CURRENT_PROJECT_VERSION = 1;
				GENERATE_INFOPLIST_FILE = YES;
				IPHONEOS_DEPLOYMENT_TARGET = 16.0;
				MARKETING_VERSION = 1.0;
				PRODUCT_BUNDLE_IDENTIFIER = "com.pasteboard.SwiftUI-MVVM-CleanArchSnapshotTests";
				PRODUCT_NAME = "$(TARGET_NAME)";
				SWIFT_EMIT_LOC_STRINGS = NO;
				SWIFT_VERSION = 5.0;
				TARGETED_DEVICE_FAMILY = "1,2";
				TEST_HOST = "$(BUILT_PRODUCTS_DIR)/SwiftUI_MVVM_CleanArch.app/$(BUNDLE_EXECUTABLE_FOLDER_PATH)/SwiftUI_MVVM_CleanArch";
			};
			name = Debug;
		};
		A36791FA2B5F8D8500C97CDC /* Release */ = {
			isa = XCBuildConfiguration;
			buildSettings = {
				BUNDLE_LOADER = "$(TEST_HOST)";
				CODE_SIGN_STYLE = Automatic;
				CURRENT_PROJECT_VERSION = 1;
				GENERATE_INFOPLIST_FILE = YES;
				IPHONEOS_DEPLOYMENT_TARGET = 16.0;
				MARKETING_VERSION = 1.0;
				PRODUCT_BUNDLE_IDENTIFIER = "com.pasteboard.SwiftUI-MVVM-CleanArchSnapshotTests";
				PRODUCT_NAME = "$(TARGET_NAME)";
				SWIFT_EMIT_LOC_STRINGS = NO;
				SWIFT_VERSION = 5.0;
				TARGETED_DEVICE_FAMILY = "1,2";
				TEST_HOST = "$(BUILT_PRODUCTS_DIR)/SwiftUI_MVVM_CleanArch.app/$(BUNDLE_EXECUTABLE_FOLDER_PATH)/SwiftUI_MVVM_CleanArch";
			};
			name = Release;
		};
		A38C75602B5163F90075F2B0 /* Debug */ = {
			isa = XCBuildConfiguration;
			buildSettings = {
				ALWAYS_SEARCH_USER_PATHS = NO;
				CLANG_ANALYZER_NONNULL = YES;
				CLANG_ANALYZER_NUMBER_OBJECT_CONVERSION = YES_AGGRESSIVE;
				CLANG_CXX_LANGUAGE_STANDARD = "gnu++20";
				CLANG_ENABLE_MODULES = YES;
				CLANG_ENABLE_OBJC_ARC = YES;
				CLANG_ENABLE_OBJC_WEAK = YES;
				CLANG_WARN_BLOCK_CAPTURE_AUTORELEASING = YES;
				CLANG_WARN_BOOL_CONVERSION = YES;
				CLANG_WARN_COMMA = YES;
				CLANG_WARN_CONSTANT_CONVERSION = YES;
				CLANG_WARN_DEPRECATED_OBJC_IMPLEMENTATIONS = YES;
				CLANG_WARN_DIRECT_OBJC_ISA_USAGE = YES_ERROR;
				CLANG_WARN_DOCUMENTATION_COMMENTS = YES;
				CLANG_WARN_EMPTY_BODY = YES;
				CLANG_WARN_ENUM_CONVERSION = YES;
				CLANG_WARN_INFINITE_RECURSION = YES;
				CLANG_WARN_INT_CONVERSION = YES;
				CLANG_WARN_NON_LITERAL_NULL_CONVERSION = YES;
				CLANG_WARN_OBJC_IMPLICIT_RETAIN_SELF = YES;
				CLANG_WARN_OBJC_LITERAL_CONVERSION = YES;
				CLANG_WARN_OBJC_ROOT_CLASS = YES_ERROR;
				CLANG_WARN_QUOTED_INCLUDE_IN_FRAMEWORK_HEADER = YES;
				CLANG_WARN_RANGE_LOOP_ANALYSIS = YES;
				CLANG_WARN_STRICT_PROTOTYPES = YES;
				CLANG_WARN_SUSPICIOUS_MOVE = YES;
				CLANG_WARN_UNGUARDED_AVAILABILITY = YES_AGGRESSIVE;
				CLANG_WARN_UNREACHABLE_CODE = YES;
				CLANG_WARN__DUPLICATE_METHOD_MATCH = YES;
				COPY_PHASE_STRIP = NO;
				DEBUG_INFORMATION_FORMAT = dwarf;
				ENABLE_STRICT_OBJC_MSGSEND = YES;
				ENABLE_TESTABILITY = YES;
				GCC_C_LANGUAGE_STANDARD = gnu11;
				GCC_DYNAMIC_NO_PIC = NO;
				GCC_NO_COMMON_BLOCKS = YES;
				GCC_OPTIMIZATION_LEVEL = 0;
				GCC_PREPROCESSOR_DEFINITIONS = (
					"DEBUG=1",
					"$(inherited)",
				);
				GCC_WARN_64_TO_32_BIT_CONVERSION = YES;
				GCC_WARN_ABOUT_RETURN_TYPE = YES_ERROR;
				GCC_WARN_UNDECLARED_SELECTOR = YES;
				GCC_WARN_UNINITIALIZED_AUTOS = YES_AGGRESSIVE;
				GCC_WARN_UNUSED_FUNCTION = YES;
				GCC_WARN_UNUSED_VARIABLE = YES;
				IPHONEOS_DEPLOYMENT_TARGET = 16.4;
				MTL_ENABLE_DEBUG_INFO = INCLUDE_SOURCE;
				MTL_FAST_MATH = YES;
				ONLY_ACTIVE_ARCH = YES;
				SDKROOT = iphoneos;
				SWIFT_ACTIVE_COMPILATION_CONDITIONS = DEBUG;
				SWIFT_OPTIMIZATION_LEVEL = "-Onone";
			};
			name = Debug;
		};
		A38C75612B5163F90075F2B0 /* Release */ = {
			isa = XCBuildConfiguration;
			buildSettings = {
				ALWAYS_SEARCH_USER_PATHS = NO;
				CLANG_ANALYZER_NONNULL = YES;
				CLANG_ANALYZER_NUMBER_OBJECT_CONVERSION = YES_AGGRESSIVE;
				CLANG_CXX_LANGUAGE_STANDARD = "gnu++20";
				CLANG_ENABLE_MODULES = YES;
				CLANG_ENABLE_OBJC_ARC = YES;
				CLANG_ENABLE_OBJC_WEAK = YES;
				CLANG_WARN_BLOCK_CAPTURE_AUTORELEASING = YES;
				CLANG_WARN_BOOL_CONVERSION = YES;
				CLANG_WARN_COMMA = YES;
				CLANG_WARN_CONSTANT_CONVERSION = YES;
				CLANG_WARN_DEPRECATED_OBJC_IMPLEMENTATIONS = YES;
				CLANG_WARN_DIRECT_OBJC_ISA_USAGE = YES_ERROR;
				CLANG_WARN_DOCUMENTATION_COMMENTS = YES;
				CLANG_WARN_EMPTY_BODY = YES;
				CLANG_WARN_ENUM_CONVERSION = YES;
				CLANG_WARN_INFINITE_RECURSION = YES;
				CLANG_WARN_INT_CONVERSION = YES;
				CLANG_WARN_NON_LITERAL_NULL_CONVERSION = YES;
				CLANG_WARN_OBJC_IMPLICIT_RETAIN_SELF = YES;
				CLANG_WARN_OBJC_LITERAL_CONVERSION = YES;
				CLANG_WARN_OBJC_ROOT_CLASS = YES_ERROR;
				CLANG_WARN_QUOTED_INCLUDE_IN_FRAMEWORK_HEADER = YES;
				CLANG_WARN_RANGE_LOOP_ANALYSIS = YES;
				CLANG_WARN_STRICT_PROTOTYPES = YES;
				CLANG_WARN_SUSPICIOUS_MOVE = YES;
				CLANG_WARN_UNGUARDED_AVAILABILITY = YES_AGGRESSIVE;
				CLANG_WARN_UNREACHABLE_CODE = YES;
				CLANG_WARN__DUPLICATE_METHOD_MATCH = YES;
				COPY_PHASE_STRIP = NO;
				DEBUG_INFORMATION_FORMAT = "dwarf-with-dsym";
				ENABLE_NS_ASSERTIONS = NO;
				ENABLE_STRICT_OBJC_MSGSEND = YES;
				GCC_C_LANGUAGE_STANDARD = gnu11;
				GCC_NO_COMMON_BLOCKS = YES;
				GCC_WARN_64_TO_32_BIT_CONVERSION = YES;
				GCC_WARN_ABOUT_RETURN_TYPE = YES_ERROR;
				GCC_WARN_UNDECLARED_SELECTOR = YES;
				GCC_WARN_UNINITIALIZED_AUTOS = YES_AGGRESSIVE;
				GCC_WARN_UNUSED_FUNCTION = YES;
				GCC_WARN_UNUSED_VARIABLE = YES;
				IPHONEOS_DEPLOYMENT_TARGET = 16.4;
				MTL_ENABLE_DEBUG_INFO = NO;
				MTL_FAST_MATH = YES;
				SDKROOT = iphoneos;
				SWIFT_COMPILATION_MODE = wholemodule;
				SWIFT_OPTIMIZATION_LEVEL = "-O";
				VALIDATE_PRODUCT = YES;
			};
			name = Release;
		};
		A38C75632B5163F90075F2B0 /* Debug */ = {
			isa = XCBuildConfiguration;
			buildSettings = {
				ASSETCATALOG_COMPILER_APPICON_NAME = AppIcon;
				ASSETCATALOG_COMPILER_GLOBAL_ACCENT_COLOR_NAME = AccentColor;
				CODE_SIGN_STYLE = Automatic;
				CURRENT_PROJECT_VERSION = 1;
				DEVELOPMENT_ASSET_PATHS = "\"SwiftUI_MVVM_CleanArch/Preview Content\"";
				ENABLE_PREVIEWS = YES;
				GENERATE_INFOPLIST_FILE = YES;
				INFOPLIST_FILE = "SwiftUI-MVVM-CleanArch-Info.plist";
				INFOPLIST_KEY_UIApplicationSceneManifest_Generation = YES;
				INFOPLIST_KEY_UIApplicationSupportsIndirectInputEvents = YES;
				INFOPLIST_KEY_UILaunchScreen_Generation = YES;
				INFOPLIST_KEY_UISupportedInterfaceOrientations_iPad = "UIInterfaceOrientationPortrait UIInterfaceOrientationPortraitUpsideDown UIInterfaceOrientationLandscapeLeft UIInterfaceOrientationLandscapeRight";
				INFOPLIST_KEY_UISupportedInterfaceOrientations_iPhone = "UIInterfaceOrientationPortrait UIInterfaceOrientationLandscapeLeft UIInterfaceOrientationLandscapeRight";
				IPHONEOS_DEPLOYMENT_TARGET = 16.0;
				LD_RUNPATH_SEARCH_PATHS = (
					"$(inherited)",
					"@executable_path/Frameworks",
				);
				MARKETING_VERSION = 1.0;
				PRODUCT_BUNDLE_IDENTIFIER = "com.pasteboard.SwiftUI-MVVM-CleanArch";
				PRODUCT_NAME = "$(TARGET_NAME)";
				SWIFT_EMIT_LOC_STRINGS = YES;
				SWIFT_VERSION = 5.0;
				TARGETED_DEVICE_FAMILY = "1,2";
			};
			name = Debug;
		};
		A38C75642B5163F90075F2B0 /* Release */ = {
			isa = XCBuildConfiguration;
			buildSettings = {
				ASSETCATALOG_COMPILER_APPICON_NAME = AppIcon;
				ASSETCATALOG_COMPILER_GLOBAL_ACCENT_COLOR_NAME = AccentColor;
				CODE_SIGN_STYLE = Automatic;
				CURRENT_PROJECT_VERSION = 1;
				DEVELOPMENT_ASSET_PATHS = "\"SwiftUI_MVVM_CleanArch/Preview Content\"";
				ENABLE_PREVIEWS = YES;
				GENERATE_INFOPLIST_FILE = YES;
				INFOPLIST_FILE = "SwiftUI-MVVM-CleanArch-Info.plist";
				INFOPLIST_KEY_UIApplicationSceneManifest_Generation = YES;
				INFOPLIST_KEY_UIApplicationSupportsIndirectInputEvents = YES;
				INFOPLIST_KEY_UILaunchScreen_Generation = YES;
				INFOPLIST_KEY_UISupportedInterfaceOrientations_iPad = "UIInterfaceOrientationPortrait UIInterfaceOrientationPortraitUpsideDown UIInterfaceOrientationLandscapeLeft UIInterfaceOrientationLandscapeRight";
				INFOPLIST_KEY_UISupportedInterfaceOrientations_iPhone = "UIInterfaceOrientationPortrait UIInterfaceOrientationLandscapeLeft UIInterfaceOrientationLandscapeRight";
				IPHONEOS_DEPLOYMENT_TARGET = 16.0;
				LD_RUNPATH_SEARCH_PATHS = (
					"$(inherited)",
					"@executable_path/Frameworks",
				);
				MARKETING_VERSION = 1.0;
				PRODUCT_BUNDLE_IDENTIFIER = "com.pasteboard.SwiftUI-MVVM-CleanArch";
				PRODUCT_NAME = "$(TARGET_NAME)";
				SWIFT_EMIT_LOC_STRINGS = YES;
				SWIFT_VERSION = 5.0;
				TARGETED_DEVICE_FAMILY = "1,2";
			};
			name = Release;
		};
		A38C75662B5163F90075F2B0 /* Debug */ = {
			isa = XCBuildConfiguration;
			buildSettings = {
				ALWAYS_EMBED_SWIFT_STANDARD_LIBRARIES = YES;
				BUNDLE_LOADER = "$(TEST_HOST)";
				CLANG_ENABLE_MODULES = YES;
				CODE_SIGN_STYLE = Automatic;
				CURRENT_PROJECT_VERSION = 1;
				GENERATE_INFOPLIST_FILE = YES;
				IPHONEOS_DEPLOYMENT_TARGET = 16.0;
				MARKETING_VERSION = 1.0;
				PRODUCT_BUNDLE_IDENTIFIER = "com.pasteboard.SwiftUI-MVVM-CleanArchTests";
				PRODUCT_NAME = "$(TARGET_NAME)";
				SWIFT_EMIT_LOC_STRINGS = NO;
				SWIFT_OPTIMIZATION_LEVEL = "-Onone";
				SWIFT_VERSION = 5.0;
				TARGETED_DEVICE_FAMILY = "1,2";
				TEST_HOST = "$(BUILT_PRODUCTS_DIR)/SwiftUI_MVVM_CleanArch.app/$(BUNDLE_EXECUTABLE_FOLDER_PATH)/SwiftUI_MVVM_CleanArch";
			};
			name = Debug;
		};
		A38C75672B5163F90075F2B0 /* Release */ = {
			isa = XCBuildConfiguration;
			buildSettings = {
				ALWAYS_EMBED_SWIFT_STANDARD_LIBRARIES = YES;
				BUNDLE_LOADER = "$(TEST_HOST)";
				CLANG_ENABLE_MODULES = YES;
				CODE_SIGN_STYLE = Automatic;
				CURRENT_PROJECT_VERSION = 1;
				GENERATE_INFOPLIST_FILE = YES;
				IPHONEOS_DEPLOYMENT_TARGET = 16.0;
				MARKETING_VERSION = 1.0;
				PRODUCT_BUNDLE_IDENTIFIER = "com.pasteboard.SwiftUI-MVVM-CleanArchTests";
				PRODUCT_NAME = "$(TARGET_NAME)";
				SWIFT_EMIT_LOC_STRINGS = NO;
				SWIFT_VERSION = 5.0;
				TARGETED_DEVICE_FAMILY = "1,2";
				TEST_HOST = "$(BUILT_PRODUCTS_DIR)/SwiftUI_MVVM_CleanArch.app/$(BUNDLE_EXECUTABLE_FOLDER_PATH)/SwiftUI_MVVM_CleanArch";
			};
			name = Release;
		};
/* End XCBuildConfiguration section */

/* Begin XCConfigurationList section */
		A36791FB2B5F8D8500C97CDC /* Build configuration list for PBXNativeTarget "SwiftUI_MVVM_CleanArchSnapshotTests" */ = {
			isa = XCConfigurationList;
			buildConfigurations = (
				A36791F92B5F8D8500C97CDC /* Debug */,
				A36791FA2B5F8D8500C97CDC /* Release */,
			);
			defaultConfigurationIsVisible = 0;
			defaultConfigurationName = Release;
		};
		A38C75392B5163F60075F2B0 /* Build configuration list for PBXProject "SwiftUI_MVVM_CleanArch" */ = {
			isa = XCConfigurationList;
			buildConfigurations = (
				A38C75602B5163F90075F2B0 /* Debug */,
				A38C75612B5163F90075F2B0 /* Release */,
			);
			defaultConfigurationIsVisible = 0;
			defaultConfigurationName = Release;
		};
		A38C75622B5163F90075F2B0 /* Build configuration list for PBXNativeTarget "SwiftUI_MVVM_CleanArch" */ = {
			isa = XCConfigurationList;
			buildConfigurations = (
				A38C75632B5163F90075F2B0 /* Debug */,
				A38C75642B5163F90075F2B0 /* Release */,
			);
			defaultConfigurationIsVisible = 0;
			defaultConfigurationName = Release;
		};
		A38C75652B5163F90075F2B0 /* Build configuration list for PBXNativeTarget "SwiftUI_MVVM_CleanArchTests" */ = {
			isa = XCConfigurationList;
			buildConfigurations = (
				A38C75662B5163F90075F2B0 /* Debug */,
				A38C75672B5163F90075F2B0 /* Release */,
			);
			defaultConfigurationIsVisible = 0;
			defaultConfigurationName = Release;
		};
/* End XCConfigurationList section */

/* Begin XCRemoteSwiftPackageReference section */
		A3485D9C2B5EA347001EABA7 /* XCRemoteSwiftPackageReference "swift-snapshot-testing" */ = {
			isa = XCRemoteSwiftPackageReference;
			repositoryURL = "https://github.com/pointfreeco/swift-snapshot-testing.git";
			requirement = {
				kind = upToNextMajorVersion;
				minimumVersion = 1.0.0;
			};
		};
		A38C75A62B51793E0075F2B0 /* XCRemoteSwiftPackageReference "SDWebImageSwiftUI" */ = {
			isa = XCRemoteSwiftPackageReference;
			repositoryURL = "https://github.com/SDWebImage/SDWebImageSwiftUI.git";
			requirement = {
				kind = upToNextMajorVersion;
				minimumVersion = 2.0.0;
			};
		};
		A38C75AD2B5184DD0075F2B0 /* XCRemoteSwiftPackageReference "NetworkManager" */ = {
			isa = XCRemoteSwiftPackageReference;
			repositoryURL = "https://github.com/KalaiLingappan/NetworkManager.git";
			requirement = {
				branch = master;
				kind = branch;
			};
		};
/* End XCRemoteSwiftPackageReference section */

/* Begin XCSwiftPackageProductDependency section */
		A3485DA42B5EAE32001EABA7 /* SnapshotTesting */ = {
			isa = XCSwiftPackageProductDependency;
			package = A3485D9C2B5EA347001EABA7 /* XCRemoteSwiftPackageReference "swift-snapshot-testing" */;
			productName = SnapshotTesting;
		};
		A36791FC2B5F8D9000C97CDC /* SnapshotTesting */ = {
			isa = XCSwiftPackageProductDependency;
			package = A3485D9C2B5EA347001EABA7 /* XCRemoteSwiftPackageReference "swift-snapshot-testing" */;
			productName = SnapshotTesting;
		};
		A36791FE2B5F8D9900C97CDC /* SDWebImageSwiftUI */ = {
			isa = XCSwiftPackageProductDependency;
			package = A38C75A62B51793E0075F2B0 /* XCRemoteSwiftPackageReference "SDWebImageSwiftUI" */;
			productName = SDWebImageSwiftUI;
		};
		A38C75A72B51793E0075F2B0 /* SDWebImageSwiftUI */ = {
			isa = XCSwiftPackageProductDependency;
			package = A38C75A62B51793E0075F2B0 /* XCRemoteSwiftPackageReference "SDWebImageSwiftUI" */;
			productName = SDWebImageSwiftUI;
		};
		A38C75A92B517C7A0075F2B0 /* SDWebImageSwiftUI */ = {
			isa = XCSwiftPackageProductDependency;
			package = A38C75A62B51793E0075F2B0 /* XCRemoteSwiftPackageReference "SDWebImageSwiftUI" */;
			productName = SDWebImageSwiftUI;
		};
		A38C75AE2B5184DD0075F2B0 /* NetworkManager */ = {
			isa = XCSwiftPackageProductDependency;
			package = A38C75AD2B5184DD0075F2B0 /* XCRemoteSwiftPackageReference "NetworkManager" */;
			productName = NetworkManager;
		};
/* End XCSwiftPackageProductDependency section */
	};
	rootObject = A38C75362B5163F60075F2B0 /* Project object */;
}
